PODS:
  - AFNetworking (3.1.0):
    - AFNetworking/NSURLSession (= 3.1.0)
    - AFNetworking/Reachability (= 3.1.0)
    - AFNetworking/Security (= 3.1.0)
    - AFNetworking/Serialization (= 3.1.0)
    - AFNetworking/UIKit (= 3.1.0)
  - AFNetworking/NSURLSession (3.1.0):
    - AFNetworking/Reachability
    - AFNetworking/Security
    - AFNetworking/Serialization
  - AFNetworking/Reachability (3.1.0)
  - AFNetworking/Security (3.1.0)
  - AFNetworking/Serialization (3.1.0)
  - AFNetworking/UIKit (3.1.0):
    - AFNetworking/NSURLSession
  - MJExtension (3.0.13)
  - NJKWebViewProgress (0.2.3):
    - NJKWebViewProgress/Core (= 0.2.3)
    - NJKWebViewProgress/ProgressView (= 0.2.3)
  - NJKWebViewProgress/Core (0.2.3)
  - NJKWebViewProgress/ProgressView (0.2.3)

DEPENDENCIES:
  - AFNetworking
  - MJExtension
  - NJKWebViewProgress

SPEC CHECKSUMS:
  AFNetworking: 5e0e199f73d8626b11e79750991f5d173d1f8b67
  MJExtension: 5932755f451458eefa24239358817f8d291240c7
  NJKWebViewProgress: f481fd424cb5ecc27eacae11b5397db92fba9a4d

PODFILE CHECKSUM: 5146d49c910cdd489bff0187860dff6dae053f5c

COCOAPODS: 1.0.1
