// !$*UTF8*$!
{
	archiveVersion = 1;
	classes = {
	};
	objectVersion = 46;
	objects = {

/* Begin PBXBuildFile section */
		2B81AEA3CD0C5E3B37D3E1AC /* libPods-TRHouse.a in Frameworks */ = {isa = PBXBuildFile; fileRef = 0B68D0083076E8AF8B14CEDA /* libPods-TRHouse.a */; };
		930BDCA51DAACD6300BAE473 /* TRTourViewController.m in Sources */ = {isa = PBXBuildFile; fileRef = 930BDCA41DAACD6300BAE473 /* TRTourViewController.m */; };
		B214BF261DB60B72002CDF95 /* ViewController.m in Sources */ = {isa = PBXBuildFile; fileRef = B214BF251DB60B72002CDF95 /* ViewController.m */; };
		B214BF281DB60B7B002CDF95 /* Main.storyboard in Resources */ = {isa = PBXBuildFile; fileRef = B214BF271DB60B7B002CDF95 /* Main.storyboard */; };
		B227CACA1DB070BD005E13D4 /* Toast.m in Sources */ = {isa = PBXBuildFile; fileRef = B227CAC81DB070BD005E13D4 /* Toast.m */; };
		B23969D81DA9DC3000F2904A /* TRFound.storyboard in Resources */ = {isa = PBXBuildFile; fileRef = B23969D71DA9DC3000F2904A /* TRFound.storyboard */; };
		B23969DC1DAA378900F2904A /* TRCircleTableViewController.m in Sources */ = {isa = PBXBuildFile; fileRef = B23969DB1DAA378900F2904A /* TRCircleTableViewController.m */; };
		B2773BDC1DACC19F00B0A899 /* GFCommentViewController.m in Sources */ = {isa = PBXBuildFile; fileRef = B2773BD41DACC19F00B0A899 /* GFCommentViewController.m */; };
		B2773BDD1DACC19F00B0A899 /* GFCommentViewController.xib in Resources */ = {isa = PBXBuildFile; fileRef = B2773BD51DACC19F00B0A899 /* GFCommentViewController.xib */; };
		B2773BDE1DACC19F00B0A899 /* GFEssenceViewController.m in Sources */ = {isa = PBXBuildFile; fileRef = B2773BD71DACC19F00B0A899 /* GFEssenceViewController.m */; };
		B2773BDF1DACC19F00B0A899 /* GFPieceViewController.m in Sources */ = {isa = PBXBuildFile; fileRef = B2773BD91DACC19F00B0A899 /* GFPieceViewController.m */; };
		B2773BFB1DACC1E200B0A899 /* GFCommentCell.m in Sources */ = {isa = PBXBuildFile; fileRef = B2773BE31DACC1E200B0A899 /* GFCommentCell.m */; };
		B2773BFC1DACC1E200B0A899 /* GFCommentCell.xib in Resources */ = {isa = PBXBuildFile; fileRef = B2773BE41DACC1E200B0A899 /* GFCommentCell.xib */; };
		B2773BFD1DACC1E200B0A899 /* GFCommentHeaderView.m in Sources */ = {isa = PBXBuildFile; fileRef = B2773BE61DACC1E200B0A899 /* GFCommentHeaderView.m */; };
		B2773BFE1DACC1E200B0A899 /* GFPictureView.m in Sources */ = {isa = PBXBuildFile; fileRef = B2773BE81DACC1E200B0A899 /* GFPictureView.m */; };
		B2773BFF1DACC1E200B0A899 /* GFPictureView.xib in Resources */ = {isa = PBXBuildFile; fileRef = B2773BE91DACC1E200B0A899 /* GFPictureView.xib */; };
		B2773C001DACC1E200B0A899 /* GFPieceCell.m in Sources */ = {isa = PBXBuildFile; fileRef = B2773BEB1DACC1E200B0A899 /* GFPieceCell.m */; };
		B2773C011DACC1E200B0A899 /* GFPieceCell.xib in Resources */ = {isa = PBXBuildFile; fileRef = B2773BEC1DACC1E200B0A899 /* GFPieceCell.xib */; };
		B2773C021DACC1E200B0A899 /* GFProgressView.m in Sources */ = {isa = PBXBuildFile; fileRef = B2773BEE1DACC1E200B0A899 /* GFProgressView.m */; };
		B2773C031DACC1E200B0A899 /* GFRecommendTagsCell.m in Sources */ = {isa = PBXBuildFile; fileRef = B2773BF01DACC1E200B0A899 /* GFRecommendTagsCell.m */; };
		B2773C041DACC1E200B0A899 /* GFRecommendTagsCell.xib in Resources */ = {isa = PBXBuildFile; fileRef = B2773BF11DACC1E200B0A899 /* GFRecommendTagsCell.xib */; };
		B2773C051DACC1E200B0A899 /* GFSeeBigPictureViewController.m in Sources */ = {isa = PBXBuildFile; fileRef = B2773BF31DACC1E200B0A899 /* GFSeeBigPictureViewController.m */; };
		B2773C061DACC1E200B0A899 /* GFSeeBigPictureViewController.xib in Resources */ = {isa = PBXBuildFile; fileRef = B2773BF41DACC1E200B0A899 /* GFSeeBigPictureViewController.xib */; };
		B2773C071DACC1E200B0A899 /* GFVideoView.m in Sources */ = {isa = PBXBuildFile; fileRef = B2773BF61DACC1E200B0A899 /* GFVideoView.m */; };
		B2773C081DACC1E200B0A899 /* GFVideoView.xib in Resources */ = {isa = PBXBuildFile; fileRef = B2773BF71DACC1E200B0A899 /* GFVideoView.xib */; };
		B2773C091DACC1E200B0A899 /* GFVoiceView.m in Sources */ = {isa = PBXBuildFile; fileRef = B2773BF91DACC1E200B0A899 /* GFVoiceView.m */; };
		B2773C0A1DACC1E200B0A899 /* GFVoiceView.xib in Resources */ = {isa = PBXBuildFile; fileRef = B2773BFA1DACC1E200B0A899 /* GFVoiceView.xib */; };
		B2773C141DACC23300B0A899 /* GFPiece.m in Sources */ = {isa = PBXBuildFile; fileRef = B2773C0D1DACC23300B0A899 /* GFPiece.m */; };
		B2773C151DACC23300B0A899 /* GFPieceComment.m in Sources */ = {isa = PBXBuildFile; fileRef = B2773C0F1DACC23300B0A899 /* GFPieceComment.m */; };
		B2773C161DACC23300B0A899 /* GFRecommendTags.m in Sources */ = {isa = PBXBuildFile; fileRef = B2773C111DACC23300B0A899 /* GFRecommendTags.m */; };
		B2773C171DACC23300B0A899 /* GFUser.m in Sources */ = {isa = PBXBuildFile; fileRef = B2773C131DACC23300B0A899 /* GFUser.m */; };
		B2773C1A1DACC2A500B0A899 /* GFConst.m in Sources */ = {isa = PBXBuildFile; fileRef = B2773C191DACC2A500B0A899 /* GFConst.m */; };
		B2773C1D1DACC3B700B0A899 /* NSDate+GFExtension.m in Sources */ = {isa = PBXBuildFile; fileRef = B2773C1C1DACC3B700B0A899 /* NSDate+GFExtension.m */; };
		B2773C201DACC41200B0A899 /* UIImageView+GFExtension.m in Sources */ = {isa = PBXBuildFile; fileRef = B2773C1F1DACC41200B0A899 /* UIImageView+GFExtension.m */; };
		B2773C231DACC44000B0A899 /* UIImage+GFExtension.m in Sources */ = {isa = PBXBuildFile; fileRef = B2773C221DACC44000B0A899 /* UIImage+GFExtension.m */; };
		B2773C261DACC4C000B0A899 /* UIBarButtonItem+GFExtension.m in Sources */ = {isa = PBXBuildFile; fileRef = B2773C251DACC4C000B0A899 /* UIBarButtonItem+GFExtension.m */; };
		B2F788F61DAF26B600D74716 /* TRPost.m in Sources */ = {isa = PBXBuildFile; fileRef = B2F788F51DAF26B600D74716 /* TRPost.m */; };
		B2F788F91DAF673C00D74716 /* TRPostTableViewCell.m in Sources */ = {isa = PBXBuildFile; fileRef = B2F788F81DAF673C00D74716 /* TRPostTableViewCell.m */; };
		C27226131D8FBD3C00C998CA /* TRNavigationController.m in Sources */ = {isa = PBXBuildFile; fileRef = C27226121D8FBD3C00C998CA /* TRNavigationController.m */; };
		C2771D6C1D8F8B89006972CD /* TRHomeTableViewController.m in Sources */ = {isa = PBXBuildFile; fileRef = C2771D6B1D8F8B89006972CD /* TRHomeTableViewController.m */; };
		C2771D6F1D8F8BCF006972CD /* TRInteractiveTableViewController.m in Sources */ = {isa = PBXBuildFile; fileRef = C2771D6E1D8F8BCF006972CD /* TRInteractiveTableViewController.m */; };
		C2771D721D8F8BDE006972CD /* TRFoundTableViewController.m in Sources */ = {isa = PBXBuildFile; fileRef = C2771D711D8F8BDE006972CD /* TRFoundTableViewController.m */; };
		C2771D751D8F8BEA006972CD /* TRMeTableViewController.m in Sources */ = {isa = PBXBuildFile; fileRef = C2771D741D8F8BEA006972CD /* TRMeTableViewController.m */; };
		C2915A7F1D8D378D00842952 /* Assets.xcassets in Resources */ = {isa = PBXBuildFile; fileRef = C2915A7E1D8D378D00842952 /* Assets.xcassets */; };
		C2915A8D1D8D378D00842952 /* TRHouseTests.m in Sources */ = {isa = PBXBuildFile; fileRef = C2915A8C1D8D378D00842952 /* TRHouseTests.m */; };
		C2915A981D8D378D00842952 /* TRHouseUITests.m in Sources */ = {isa = PBXBuildFile; fileRef = C2915A971D8D378D00842952 /* TRHouseUITests.m */; };
		C2915ABC1D8D3E7D00842952 /* AppDelegate.m in Sources */ = {isa = PBXBuildFile; fileRef = C2915AB81D8D3E7D00842952 /* AppDelegate.m */; };
		C2915ABD1D8D3E7D00842952 /* main.m in Sources */ = {isa = PBXBuildFile; fileRef = C2915AB91D8D3E7D00842952 /* main.m */; };
		C2915ABE1D8D3E7D00842952 /* TRHouse.xcdatamodeld in Sources */ = {isa = PBXBuildFile; fileRef = C2915ABA1D8D3E7D00842952 /* TRHouse.xcdatamodeld */; };
		C2915AC21D8D407000842952 /* TRTabBarController.m in Sources */ = {isa = PBXBuildFile; fileRef = C2915AC11D8D407000842952 /* TRTabBarController.m */; };
		C29163EC1DB3CE6700769BA1 /* TRGetVcCodeParam.m in Sources */ = {isa = PBXBuildFile; fileRef = C29163E91DB3CE6700769BA1 /* TRGetVcCodeParam.m */; };
		C29163ED1DB3CE6700769BA1 /* TRRegistParam.m in Sources */ = {isa = PBXBuildFile; fileRef = C29163EB1DB3CE6700769BA1 /* TRRegistParam.m */; };
		C29163F01DB3CE7400769BA1 /* TRRegistTool.m in Sources */ = {isa = PBXBuildFile; fileRef = C29163EF1DB3CE7400769BA1 /* TRRegistTool.m */; };
		C29163F31DB3CF0E00769BA1 /* Utilities.m in Sources */ = {isa = PBXBuildFile; fileRef = C29163F21DB3CF0E00769BA1 /* Utilities.m */; };
		C29163F71DB3D7F900769BA1 /* TRProgressTool.m in Sources */ = {isa = PBXBuildFile; fileRef = C29163F61DB3D7F900769BA1 /* TRProgressTool.m */; };
		C29163FC1DB3E05F00769BA1 /* TRAccountParam.m in Sources */ = {isa = PBXBuildFile; fileRef = C29163FB1DB3E05F00769BA1 /* TRAccountParam.m */; };
		C29163FF1DB3E07300769BA1 /* TRAccountTool.m in Sources */ = {isa = PBXBuildFile; fileRef = C29163FE1DB3E07300769BA1 /* TRAccountTool.m */; };
		C29164021DB3E0BC00769BA1 /* TRAccount.m in Sources */ = {isa = PBXBuildFile; fileRef = C29164011DB3E0BC00769BA1 /* TRAccount.m */; };
		C29164061DB3E15100769BA1 /* TRUser.m in Sources */ = {isa = PBXBuildFile; fileRef = C29164051DB3E15100769BA1 /* TRUser.m */; };
		C2959F711DAB1D01009B75FB /* TRConst.m in Sources */ = {isa = PBXBuildFile; fileRef = C2959F701DAB1D01009B75FB /* TRConst.m */; };
		C297FAF31DAA1B4100F7CC61 /* UIView+GFExtension.m in Sources */ = {isa = PBXBuildFile; fileRef = C297FAF01DAA1B4100F7CC61 /* UIView+GFExtension.m */; };
		C297FAF41DAA1B4100F7CC61 /* UIViewController+TRExtension.m in Sources */ = {isa = PBXBuildFile; fileRef = C297FAF21DAA1B4100F7CC61 /* UIViewController+TRExtension.m */; };
		C29E7B591DAB7C2600327F92 /* TRHttpTool.m in Sources */ = {isa = PBXBuildFile; fileRef = C29E7B581DAB7C2600327F92 /* TRHttpTool.m */; };
		C29E7B5E1DAB805700327F92 /* TRNoInternetConnectionView.m in Sources */ = {isa = PBXBuildFile; fileRef = C29E7B5C1DAB805700327F92 /* TRNoInternetConnectionView.m */; };
		C29E7B5F1DAB805700327F92 /* TRNoInternetConnectionView.xib in Resources */ = {isa = PBXBuildFile; fileRef = C29E7B5D1DAB805700327F92 /* TRNoInternetConnectionView.xib */; };
		C2B10B061DAFDF01003332FB /* Me.storyboard in Resources */ = {isa = PBXBuildFile; fileRef = C2B10B051DAFDF01003332FB /* Me.storyboard */; };
		C2B10B091DAFE0F1003332FB /* TRMeHeaderView.m in Sources */ = {isa = PBXBuildFile; fileRef = C2B10B081DAFE0F1003332FB /* TRMeHeaderView.m */; };
		C2B10B0B1DAFE0FC003332FB /* TRMeHeaderView.xib in Resources */ = {isa = PBXBuildFile; fileRef = C2B10B0A1DAFE0FC003332FB /* TRMeHeaderView.xib */; };
		C2B5855E1DB4759D00C37479 /* TRPersonal.m in Sources */ = {isa = PBXBuildFile; fileRef = C2B5855D1DB4759D00C37479 /* TRPersonal.m */; };
		C2C0B5AE1DB13ADB0099AF31 /* LoginAndRegist.storyboard in Resources */ = {isa = PBXBuildFile; fileRef = C2C0B5AD1DB13ADB0099AF31 /* LoginAndRegist.storyboard */; };
		C2C0B5B11DB145AF0099AF31 /* TRLoginViewController.m in Sources */ = {isa = PBXBuildFile; fileRef = C2C0B5B01DB145AF0099AF31 /* TRLoginViewController.m */; };
		C2C0B5B41DB14ACE0099AF31 /* TRRegistViewController.m in Sources */ = {isa = PBXBuildFile; fileRef = C2C0B5B31DB14ACE0099AF31 /* TRRegistViewController.m */; };
		C2C0E9041DB5F47A002222B2 /* TRSettingsTableViewController.m in Sources */ = {isa = PBXBuildFile; fileRef = C2C0E9031DB5F47A002222B2 /* TRSettingsTableViewController.m */; };
		C2C0E90A1DB60DEA002222B2 /* TRMeInteractiveTableViewController.m in Sources */ = {isa = PBXBuildFile; fileRef = C2C0E9091DB60DEA002222B2 /* TRMeInteractiveTableViewController.m */; };
		C2C409B01DB4ACFC00AC1F12 /* TRGetPersonalParam.m in Sources */ = {isa = PBXBuildFile; fileRef = C2C409AF1DB4ACFC00AC1F12 /* TRGetPersonalParam.m */; };
		C2C409B31DB4B3E900AC1F12 /* TRPersonalHomeViewController.m in Sources */ = {isa = PBXBuildFile; fileRef = C2C409B21DB4B3E900AC1F12 /* TRPersonalHomeViewController.m */; };
/* End PBXBuildFile section */

/* Begin PBXContainerItemProxy section */
		C2915A891D8D378D00842952 /* PBXContainerItemProxy */ = {
			isa = PBXContainerItemProxy;
			containerPortal = C2915A641D8D378C00842952 /* Project object */;
			proxyType = 1;
			remoteGlobalIDString = C2915A6B1D8D378C00842952;
			remoteInfo = TRHouse;
		};
		C2915A941D8D378D00842952 /* PBXContainerItemProxy */ = {
			isa = PBXContainerItemProxy;
			containerPortal = C2915A641D8D378C00842952 /* Project object */;
			proxyType = 1;
			remoteGlobalIDString = C2915A6B1D8D378C00842952;
			remoteInfo = TRHouse;
		};
/* End PBXContainerItemProxy section */

/* Begin PBXFileReference section */
		0B68D0083076E8AF8B14CEDA /* libPods-TRHouse.a */ = {isa = PBXFileReference; explicitFileType = archive.ar; includeInIndex = 0; path = "libPods-TRHouse.a"; sourceTree = BUILT_PRODUCTS_DIR; };
		930BDCA31DAACD6300BAE473 /* TRTourViewController.h */ = {isa = PBXFileReference; fileEncoding = 4; lastKnownFileType = sourcecode.c.h; path = TRTourViewController.h; sourceTree = "<group>"; };
		930BDCA41DAACD6300BAE473 /* TRTourViewController.m */ = {isa = PBXFileReference; fileEncoding = 4; lastKnownFileType = sourcecode.c.objc; path = TRTourViewController.m; sourceTree = "<group>"; };
		B1185A83EE4D695B6EA4C065 /* Pods-TRHouse.release.xcconfig */ = {isa = PBXFileReference; includeInIndex = 1; lastKnownFileType = text.xcconfig; name = "Pods-TRHouse.release.xcconfig"; path = "Pods/Target Support Files/Pods-TRHouse/Pods-TRHouse.release.xcconfig"; sourceTree = "<group>"; };
		B214BF241DB60B72002CDF95 /* ViewController.h */ = {isa = PBXFileReference; fileEncoding = 4; lastKnownFileType = sourcecode.c.h; path = ViewController.h; sourceTree = "<group>"; };
		B214BF251DB60B72002CDF95 /* ViewController.m */ = {isa = PBXFileReference; fileEncoding = 4; lastKnownFileType = sourcecode.c.objc; path = ViewController.m; sourceTree = "<group>"; };
		B214BF271DB60B7B002CDF95 /* Main.storyboard */ = {isa = PBXFileReference; fileEncoding = 4; lastKnownFileType = file.storyboard; path = Main.storyboard; sourceTree = "<group>"; };
		B227CAC81DB070BD005E13D4 /* Toast.m */ = {isa = PBXFileReference; fileEncoding = 4; lastKnownFileType = sourcecode.c.objc; path = Toast.m; sourceTree = "<group>"; };
		B227CAC91DB070BD005E13D4 /* Toast.h */ = {isa = PBXFileReference; fileEncoding = 4; lastKnownFileType = sourcecode.c.h; path = Toast.h; sourceTree = "<group>"; };
		B23969D71DA9DC3000F2904A /* TRFound.storyboard */ = {isa = PBXFileReference; fileEncoding = 4; lastKnownFileType = file.storyboard; path = TRFound.storyboard; sourceTree = "<group>"; };
		B23969DA1DAA378900F2904A /* TRCircleTableViewController.h */ = {isa = PBXFileReference; fileEncoding = 4; lastKnownFileType = sourcecode.c.h; path = TRCircleTableViewController.h; sourceTree = "<group>"; };
		B23969DB1DAA378900F2904A /* TRCircleTableViewController.m */ = {isa = PBXFileReference; fileEncoding = 4; lastKnownFileType = sourcecode.c.objc; path = TRCircleTableViewController.m; sourceTree = "<group>"; };
		B2773BD31DACC19F00B0A899 /* GFCommentViewController.h */ = {isa = PBXFileReference; fileEncoding = 4; lastKnownFileType = sourcecode.c.h; path = GFCommentViewController.h; sourceTree = "<group>"; };
		B2773BD41DACC19F00B0A899 /* GFCommentViewController.m */ = {isa = PBXFileReference; fileEncoding = 4; lastKnownFileType = sourcecode.c.objc; path = GFCommentViewController.m; sourceTree = "<group>"; };
		B2773BD51DACC19F00B0A899 /* GFCommentViewController.xib */ = {isa = PBXFileReference; fileEncoding = 4; lastKnownFileType = file.xib; path = GFCommentViewController.xib; sourceTree = "<group>"; };
		B2773BD61DACC19F00B0A899 /* GFEssenceViewController.h */ = {isa = PBXFileReference; fileEncoding = 4; lastKnownFileType = sourcecode.c.h; path = GFEssenceViewController.h; sourceTree = "<group>"; };
		B2773BD71DACC19F00B0A899 /* GFEssenceViewController.m */ = {isa = PBXFileReference; fileEncoding = 4; lastKnownFileType = sourcecode.c.objc; path = GFEssenceViewController.m; sourceTree = "<group>"; };
		B2773BD81DACC19F00B0A899 /* GFPieceViewController.h */ = {isa = PBXFileReference; fileEncoding = 4; lastKnownFileType = sourcecode.c.h; path = GFPieceViewController.h; sourceTree = "<group>"; };
		B2773BD91DACC19F00B0A899 /* GFPieceViewController.m */ = {isa = PBXFileReference; fileEncoding = 4; lastKnownFileType = sourcecode.c.objc; path = GFPieceViewController.m; sourceTree = "<group>"; };
		B2773BE21DACC1E200B0A899 /* GFCommentCell.h */ = {isa = PBXFileReference; fileEncoding = 4; lastKnownFileType = sourcecode.c.h; path = GFCommentCell.h; sourceTree = "<group>"; };
		B2773BE31DACC1E200B0A899 /* GFCommentCell.m */ = {isa = PBXFileReference; fileEncoding = 4; lastKnownFileType = sourcecode.c.objc; path = GFCommentCell.m; sourceTree = "<group>"; };
		B2773BE41DACC1E200B0A899 /* GFCommentCell.xib */ = {isa = PBXFileReference; fileEncoding = 4; lastKnownFileType = file.xib; path = GFCommentCell.xib; sourceTree = "<group>"; };
		B2773BE51DACC1E200B0A899 /* GFCommentHeaderView.h */ = {isa = PBXFileReference; fileEncoding = 4; lastKnownFileType = sourcecode.c.h; path = GFCommentHeaderView.h; sourceTree = "<group>"; };
		B2773BE61DACC1E200B0A899 /* GFCommentHeaderView.m */ = {isa = PBXFileReference; fileEncoding = 4; lastKnownFileType = sourcecode.c.objc; path = GFCommentHeaderView.m; sourceTree = "<group>"; };
		B2773BE71DACC1E200B0A899 /* GFPictureView.h */ = {isa = PBXFileReference; fileEncoding = 4; lastKnownFileType = sourcecode.c.h; path = GFPictureView.h; sourceTree = "<group>"; };
		B2773BE81DACC1E200B0A899 /* GFPictureView.m */ = {isa = PBXFileReference; fileEncoding = 4; lastKnownFileType = sourcecode.c.objc; path = GFPictureView.m; sourceTree = "<group>"; };
		B2773BE91DACC1E200B0A899 /* GFPictureView.xib */ = {isa = PBXFileReference; fileEncoding = 4; lastKnownFileType = file.xib; path = GFPictureView.xib; sourceTree = "<group>"; };
		B2773BEA1DACC1E200B0A899 /* GFPieceCell.h */ = {isa = PBXFileReference; fileEncoding = 4; lastKnownFileType = sourcecode.c.h; path = GFPieceCell.h; sourceTree = "<group>"; };
		B2773BEB1DACC1E200B0A899 /* GFPieceCell.m */ = {isa = PBXFileReference; fileEncoding = 4; lastKnownFileType = sourcecode.c.objc; path = GFPieceCell.m; sourceTree = "<group>"; };
		B2773BEC1DACC1E200B0A899 /* GFPieceCell.xib */ = {isa = PBXFileReference; fileEncoding = 4; lastKnownFileType = file.xib; path = GFPieceCell.xib; sourceTree = "<group>"; };
		B2773BED1DACC1E200B0A899 /* GFProgressView.h */ = {isa = PBXFileReference; fileEncoding = 4; lastKnownFileType = sourcecode.c.h; path = GFProgressView.h; sourceTree = "<group>"; };
		B2773BEE1DACC1E200B0A899 /* GFProgressView.m */ = {isa = PBXFileReference; fileEncoding = 4; lastKnownFileType = sourcecode.c.objc; path = GFProgressView.m; sourceTree = "<group>"; };
		B2773BEF1DACC1E200B0A899 /* GFRecommendTagsCell.h */ = {isa = PBXFileReference; fileEncoding = 4; lastKnownFileType = sourcecode.c.h; path = GFRecommendTagsCell.h; sourceTree = "<group>"; };
		B2773BF01DACC1E200B0A899 /* GFRecommendTagsCell.m */ = {isa = PBXFileReference; fileEncoding = 4; lastKnownFileType = sourcecode.c.objc; path = GFRecommendTagsCell.m; sourceTree = "<group>"; };
		B2773BF11DACC1E200B0A899 /* GFRecommendTagsCell.xib */ = {isa = PBXFileReference; fileEncoding = 4; lastKnownFileType = file.xib; path = GFRecommendTagsCell.xib; sourceTree = "<group>"; };
		B2773BF21DACC1E200B0A899 /* GFSeeBigPictureViewController.h */ = {isa = PBXFileReference; fileEncoding = 4; lastKnownFileType = sourcecode.c.h; path = GFSeeBigPictureViewController.h; sourceTree = "<group>"; };
		B2773BF31DACC1E200B0A899 /* GFSeeBigPictureViewController.m */ = {isa = PBXFileReference; fileEncoding = 4; lastKnownFileType = sourcecode.c.objc; path = GFSeeBigPictureViewController.m; sourceTree = "<group>"; };
		B2773BF41DACC1E200B0A899 /* GFSeeBigPictureViewController.xib */ = {isa = PBXFileReference; fileEncoding = 4; lastKnownFileType = file.xib; path = GFSeeBigPictureViewController.xib; sourceTree = "<group>"; };
		B2773BF51DACC1E200B0A899 /* GFVideoView.h */ = {isa = PBXFileReference; fileEncoding = 4; lastKnownFileType = sourcecode.c.h; path = GFVideoView.h; sourceTree = "<group>"; };
		B2773BF61DACC1E200B0A899 /* GFVideoView.m */ = {isa = PBXFileReference; fileEncoding = 4; lastKnownFileType = sourcecode.c.objc; path = GFVideoView.m; sourceTree = "<group>"; };
		B2773BF71DACC1E200B0A899 /* GFVideoView.xib */ = {isa = PBXFileReference; fileEncoding = 4; lastKnownFileType = file.xib; path = GFVideoView.xib; sourceTree = "<group>"; };
		B2773BF81DACC1E200B0A899 /* GFVoiceView.h */ = {isa = PBXFileReference; fileEncoding = 4; lastKnownFileType = sourcecode.c.h; path = GFVoiceView.h; sourceTree = "<group>"; };
		B2773BF91DACC1E200B0A899 /* GFVoiceView.m */ = {isa = PBXFileReference; fileEncoding = 4; lastKnownFileType = sourcecode.c.objc; path = GFVoiceView.m; sourceTree = "<group>"; };
		B2773BFA1DACC1E200B0A899 /* GFVoiceView.xib */ = {isa = PBXFileReference; fileEncoding = 4; lastKnownFileType = file.xib; path = GFVoiceView.xib; sourceTree = "<group>"; };
		B2773C0C1DACC23300B0A899 /* GFPiece.h */ = {isa = PBXFileReference; fileEncoding = 4; lastKnownFileType = sourcecode.c.h; path = GFPiece.h; sourceTree = "<group>"; };
		B2773C0D1DACC23300B0A899 /* GFPiece.m */ = {isa = PBXFileReference; fileEncoding = 4; lastKnownFileType = sourcecode.c.objc; path = GFPiece.m; sourceTree = "<group>"; };
		B2773C0E1DACC23300B0A899 /* GFPieceComment.h */ = {isa = PBXFileReference; fileEncoding = 4; lastKnownFileType = sourcecode.c.h; path = GFPieceComment.h; sourceTree = "<group>"; };
		B2773C0F1DACC23300B0A899 /* GFPieceComment.m */ = {isa = PBXFileReference; fileEncoding = 4; lastKnownFileType = sourcecode.c.objc; path = GFPieceComment.m; sourceTree = "<group>"; };
		B2773C101DACC23300B0A899 /* GFRecommendTags.h */ = {isa = PBXFileReference; fileEncoding = 4; lastKnownFileType = sourcecode.c.h; path = GFRecommendTags.h; sourceTree = "<group>"; };
		B2773C111DACC23300B0A899 /* GFRecommendTags.m */ = {isa = PBXFileReference; fileEncoding = 4; lastKnownFileType = sourcecode.c.objc; path = GFRecommendTags.m; sourceTree = "<group>"; };
		B2773C121DACC23300B0A899 /* GFUser.h */ = {isa = PBXFileReference; fileEncoding = 4; lastKnownFileType = sourcecode.c.h; path = GFUser.h; sourceTree = "<group>"; };
		B2773C131DACC23300B0A899 /* GFUser.m */ = {isa = PBXFileReference; fileEncoding = 4; lastKnownFileType = sourcecode.c.objc; path = GFUser.m; sourceTree = "<group>"; };
		B2773C181DACC2A500B0A899 /* GFConst.h */ = {isa = PBXFileReference; fileEncoding = 4; lastKnownFileType = sourcecode.c.h; name = GFConst.h; path = Controller/GFConst.h; sourceTree = "<group>"; };
		B2773C191DACC2A500B0A899 /* GFConst.m */ = {isa = PBXFileReference; fileEncoding = 4; lastKnownFileType = sourcecode.c.objc; name = GFConst.m; path = Controller/GFConst.m; sourceTree = "<group>"; };
		B2773C1B1DACC3B700B0A899 /* NSDate+GFExtension.h */ = {isa = PBXFileReference; fileEncoding = 4; lastKnownFileType = sourcecode.c.h; path = "NSDate+GFExtension.h"; sourceTree = "<group>"; };
		B2773C1C1DACC3B700B0A899 /* NSDate+GFExtension.m */ = {isa = PBXFileReference; fileEncoding = 4; lastKnownFileType = sourcecode.c.objc; path = "NSDate+GFExtension.m"; sourceTree = "<group>"; };
		B2773C1E1DACC41200B0A899 /* UIImageView+GFExtension.h */ = {isa = PBXFileReference; fileEncoding = 4; lastKnownFileType = sourcecode.c.h; path = "UIImageView+GFExtension.h"; sourceTree = "<group>"; };
		B2773C1F1DACC41200B0A899 /* UIImageView+GFExtension.m */ = {isa = PBXFileReference; fileEncoding = 4; lastKnownFileType = sourcecode.c.objc; path = "UIImageView+GFExtension.m"; sourceTree = "<group>"; };
		B2773C211DACC44000B0A899 /* UIImage+GFExtension.h */ = {isa = PBXFileReference; fileEncoding = 4; lastKnownFileType = sourcecode.c.h; path = "UIImage+GFExtension.h"; sourceTree = "<group>"; };
		B2773C221DACC44000B0A899 /* UIImage+GFExtension.m */ = {isa = PBXFileReference; fileEncoding = 4; lastKnownFileType = sourcecode.c.objc; path = "UIImage+GFExtension.m"; sourceTree = "<group>"; };
		B2773C241DACC4C000B0A899 /* UIBarButtonItem+GFExtension.h */ = {isa = PBXFileReference; fileEncoding = 4; lastKnownFileType = sourcecode.c.h; path = "UIBarButtonItem+GFExtension.h"; sourceTree = "<group>"; };
		B2773C251DACC4C000B0A899 /* UIBarButtonItem+GFExtension.m */ = {isa = PBXFileReference; fileEncoding = 4; lastKnownFileType = sourcecode.c.objc; path = "UIBarButtonItem+GFExtension.m"; sourceTree = "<group>"; };
		B2F788F41DAF26B600D74716 /* TRPost.h */ = {isa = PBXFileReference; fileEncoding = 4; lastKnownFileType = sourcecode.c.h; path = TRPost.h; sourceTree = "<group>"; };
		B2F788F51DAF26B600D74716 /* TRPost.m */ = {isa = PBXFileReference; fileEncoding = 4; lastKnownFileType = sourcecode.c.objc; path = TRPost.m; sourceTree = "<group>"; };
		B2F788F71DAF673C00D74716 /* TRPostTableViewCell.h */ = {isa = PBXFileReference; fileEncoding = 4; lastKnownFileType = sourcecode.c.h; path = TRPostTableViewCell.h; sourceTree = "<group>"; };
		B2F788F81DAF673C00D74716 /* TRPostTableViewCell.m */ = {isa = PBXFileReference; fileEncoding = 4; lastKnownFileType = sourcecode.c.objc; path = TRPostTableViewCell.m; sourceTree = "<group>"; };
		B6F0BE0F3B86B414511B1FFC /* Pods-TRHouse.debug.xcconfig */ = {isa = PBXFileReference; includeInIndex = 1; lastKnownFileType = text.xcconfig; name = "Pods-TRHouse.debug.xcconfig"; path = "Pods/Target Support Files/Pods-TRHouse/Pods-TRHouse.debug.xcconfig"; sourceTree = "<group>"; };
		C22BD58D1D91106A00C53223 /* PrefixHeader.pch */ = {isa = PBXFileReference; lastKnownFileType = sourcecode.c.h; path = PrefixHeader.pch; sourceTree = "<group>"; };
		C27226111D8FBD3C00C998CA /* TRNavigationController.h */ = {isa = PBXFileReference; fileEncoding = 4; lastKnownFileType = sourcecode.c.h; path = TRNavigationController.h; sourceTree = "<group>"; };
		C27226121D8FBD3C00C998CA /* TRNavigationController.m */ = {isa = PBXFileReference; fileEncoding = 4; lastKnownFileType = sourcecode.c.objc; path = TRNavigationController.m; sourceTree = "<group>"; };
		C2771D6A1D8F8B89006972CD /* TRHomeTableViewController.h */ = {isa = PBXFileReference; fileEncoding = 4; lastKnownFileType = sourcecode.c.h; path = TRHomeTableViewController.h; sourceTree = "<group>"; };
		C2771D6B1D8F8B89006972CD /* TRHomeTableViewController.m */ = {isa = PBXFileReference; fileEncoding = 4; lastKnownFileType = sourcecode.c.objc; path = TRHomeTableViewController.m; sourceTree = "<group>"; };
		C2771D6D1D8F8BCF006972CD /* TRInteractiveTableViewController.h */ = {isa = PBXFileReference; fileEncoding = 4; lastKnownFileType = sourcecode.c.h; path = TRInteractiveTableViewController.h; sourceTree = "<group>"; };
		C2771D6E1D8F8BCF006972CD /* TRInteractiveTableViewController.m */ = {isa = PBXFileReference; fileEncoding = 4; lastKnownFileType = sourcecode.c.objc; path = TRInteractiveTableViewController.m; sourceTree = "<group>"; };
		C2771D701D8F8BDE006972CD /* TRFoundTableViewController.h */ = {isa = PBXFileReference; fileEncoding = 4; lastKnownFileType = sourcecode.c.h; path = TRFoundTableViewController.h; sourceTree = "<group>"; };
		C2771D711D8F8BDE006972CD /* TRFoundTableViewController.m */ = {isa = PBXFileReference; fileEncoding = 4; lastKnownFileType = sourcecode.c.objc; path = TRFoundTableViewController.m; sourceTree = "<group>"; };
		C2771D731D8F8BEA006972CD /* TRMeTableViewController.h */ = {isa = PBXFileReference; fileEncoding = 4; lastKnownFileType = sourcecode.c.h; path = TRMeTableViewController.h; sourceTree = "<group>"; };
		C2771D741D8F8BEA006972CD /* TRMeTableViewController.m */ = {isa = PBXFileReference; fileEncoding = 4; lastKnownFileType = sourcecode.c.objc; path = TRMeTableViewController.m; sourceTree = "<group>"; };
		C2915A6C1D8D378D00842952 /* TRHouse.app */ = {isa = PBXFileReference; explicitFileType = wrapper.application; includeInIndex = 0; path = TRHouse.app; sourceTree = BUILT_PRODUCTS_DIR; };
		C2915A7E1D8D378D00842952 /* Assets.xcassets */ = {isa = PBXFileReference; lastKnownFileType = folder.assetcatalog; path = Assets.xcassets; sourceTree = "<group>"; };
		C2915A831D8D378D00842952 /* Info.plist */ = {isa = PBXFileReference; lastKnownFileType = text.plist.xml; path = Info.plist; sourceTree = "<group>"; };
		C2915A881D8D378D00842952 /* TRHouseTests.xctest */ = {isa = PBXFileReference; explicitFileType = wrapper.cfbundle; includeInIndex = 0; path = TRHouseTests.xctest; sourceTree = BUILT_PRODUCTS_DIR; };
		C2915A8C1D8D378D00842952 /* TRHouseTests.m */ = {isa = PBXFileReference; lastKnownFileType = sourcecode.c.objc; path = TRHouseTests.m; sourceTree = "<group>"; };
		C2915A8E1D8D378D00842952 /* Info.plist */ = {isa = PBXFileReference; lastKnownFileType = text.plist.xml; path = Info.plist; sourceTree = "<group>"; };
		C2915A931D8D378D00842952 /* TRHouseUITests.xctest */ = {isa = PBXFileReference; explicitFileType = wrapper.cfbundle; includeInIndex = 0; path = TRHouseUITests.xctest; sourceTree = BUILT_PRODUCTS_DIR; };
		C2915A971D8D378D00842952 /* TRHouseUITests.m */ = {isa = PBXFileReference; lastKnownFileType = sourcecode.c.objc; path = TRHouseUITests.m; sourceTree = "<group>"; };
		C2915A991D8D378D00842952 /* Info.plist */ = {isa = PBXFileReference; lastKnownFileType = text.plist.xml; path = Info.plist; sourceTree = "<group>"; };
		C2915AB71D8D3E7D00842952 /* AppDelegate.h */ = {isa = PBXFileReference; fileEncoding = 4; lastKnownFileType = sourcecode.c.h; path = AppDelegate.h; sourceTree = "<group>"; };
		C2915AB81D8D3E7D00842952 /* AppDelegate.m */ = {isa = PBXFileReference; fileEncoding = 4; lastKnownFileType = sourcecode.c.objc; path = AppDelegate.m; sourceTree = "<group>"; };
		C2915AB91D8D3E7D00842952 /* main.m */ = {isa = PBXFileReference; fileEncoding = 4; lastKnownFileType = sourcecode.c.objc; path = main.m; sourceTree = "<group>"; };
		C2915ABB1D8D3E7D00842952 /* TRHouse.xcdatamodel */ = {isa = PBXFileReference; lastKnownFileType = wrapper.xcdatamodel; path = TRHouse.xcdatamodel; sourceTree = "<group>"; };
		C2915AC01D8D407000842952 /* TRTabBarController.h */ = {isa = PBXFileReference; fileEncoding = 4; lastKnownFileType = sourcecode.c.h; path = TRTabBarController.h; sourceTree = "<group>"; };
		C2915AC11D8D407000842952 /* TRTabBarController.m */ = {isa = PBXFileReference; fileEncoding = 4; lastKnownFileType = sourcecode.c.objc; path = TRTabBarController.m; sourceTree = "<group>"; };
		C29163E81DB3CE6700769BA1 /* TRGetVcCodeParam.h */ = {isa = PBXFileReference; fileEncoding = 4; lastKnownFileType = sourcecode.c.h; path = TRGetVcCodeParam.h; sourceTree = "<group>"; };
		C29163E91DB3CE6700769BA1 /* TRGetVcCodeParam.m */ = {isa = PBXFileReference; fileEncoding = 4; lastKnownFileType = sourcecode.c.objc; path = TRGetVcCodeParam.m; sourceTree = "<group>"; };
		C29163EA1DB3CE6700769BA1 /* TRRegistParam.h */ = {isa = PBXFileReference; fileEncoding = 4; lastKnownFileType = sourcecode.c.h; path = TRRegistParam.h; sourceTree = "<group>"; };
		C29163EB1DB3CE6700769BA1 /* TRRegistParam.m */ = {isa = PBXFileReference; fileEncoding = 4; lastKnownFileType = sourcecode.c.objc; path = TRRegistParam.m; sourceTree = "<group>"; };
		C29163EE1DB3CE7400769BA1 /* TRRegistTool.h */ = {isa = PBXFileReference; fileEncoding = 4; lastKnownFileType = sourcecode.c.h; path = TRRegistTool.h; sourceTree = "<group>"; };
		C29163EF1DB3CE7400769BA1 /* TRRegistTool.m */ = {isa = PBXFileReference; fileEncoding = 4; lastKnownFileType = sourcecode.c.objc; path = TRRegistTool.m; sourceTree = "<group>"; };
		C29163F11DB3CF0E00769BA1 /* Utilities.h */ = {isa = PBXFileReference; fileEncoding = 4; lastKnownFileType = sourcecode.c.h; path = Utilities.h; sourceTree = "<group>"; };
		C29163F21DB3CF0E00769BA1 /* Utilities.m */ = {isa = PBXFileReference; fileEncoding = 4; lastKnownFileType = sourcecode.c.objc; path = Utilities.m; sourceTree = "<group>"; };
		C29163F51DB3D7F900769BA1 /* TRProgressTool.h */ = {isa = PBXFileReference; fileEncoding = 4; lastKnownFileType = sourcecode.c.h; path = TRProgressTool.h; sourceTree = "<group>"; };
		C29163F61DB3D7F900769BA1 /* TRProgressTool.m */ = {isa = PBXFileReference; fileEncoding = 4; lastKnownFileType = sourcecode.c.objc; path = TRProgressTool.m; sourceTree = "<group>"; };
		C29163FA1DB3E05F00769BA1 /* TRAccountParam.h */ = {isa = PBXFileReference; fileEncoding = 4; lastKnownFileType = sourcecode.c.h; path = TRAccountParam.h; sourceTree = "<group>"; };
		C29163FB1DB3E05F00769BA1 /* TRAccountParam.m */ = {isa = PBXFileReference; fileEncoding = 4; lastKnownFileType = sourcecode.c.objc; path = TRAccountParam.m; sourceTree = "<group>"; };
		C29163FD1DB3E07300769BA1 /* TRAccountTool.h */ = {isa = PBXFileReference; fileEncoding = 4; lastKnownFileType = sourcecode.c.h; path = TRAccountTool.h; sourceTree = "<group>"; };
		C29163FE1DB3E07300769BA1 /* TRAccountTool.m */ = {isa = PBXFileReference; fileEncoding = 4; lastKnownFileType = sourcecode.c.objc; path = TRAccountTool.m; sourceTree = "<group>"; };
		C29164001DB3E0BC00769BA1 /* TRAccount.h */ = {isa = PBXFileReference; fileEncoding = 4; lastKnownFileType = sourcecode.c.h; path = TRAccount.h; sourceTree = "<group>"; };
		C29164011DB3E0BC00769BA1 /* TRAccount.m */ = {isa = PBXFileReference; fileEncoding = 4; lastKnownFileType = sourcecode.c.objc; path = TRAccount.m; sourceTree = "<group>"; };
		C29164041DB3E15100769BA1 /* TRUser.h */ = {isa = PBXFileReference; fileEncoding = 4; lastKnownFileType = sourcecode.c.h; path = TRUser.h; sourceTree = "<group>"; };
		C29164051DB3E15100769BA1 /* TRUser.m */ = {isa = PBXFileReference; fileEncoding = 4; lastKnownFileType = sourcecode.c.objc; path = TRUser.m; sourceTree = "<group>"; };
		C2959F6F1DAB1D01009B75FB /* TRConst.h */ = {isa = PBXFileReference; fileEncoding = 4; lastKnownFileType = sourcecode.c.h; path = TRConst.h; sourceTree = "<group>"; };
		C2959F701DAB1D01009B75FB /* TRConst.m */ = {isa = PBXFileReference; fileEncoding = 4; lastKnownFileType = sourcecode.c.objc; path = TRConst.m; sourceTree = "<group>"; };
		C297FAEF1DAA1B4100F7CC61 /* UIView+GFExtension.h */ = {isa = PBXFileReference; fileEncoding = 4; lastKnownFileType = sourcecode.c.h; path = "UIView+GFExtension.h"; sourceTree = "<group>"; };
		C297FAF01DAA1B4100F7CC61 /* UIView+GFExtension.m */ = {isa = PBXFileReference; fileEncoding = 4; lastKnownFileType = sourcecode.c.objc; path = "UIView+GFExtension.m"; sourceTree = "<group>"; };
		C297FAF11DAA1B4100F7CC61 /* UIViewController+TRExtension.h */ = {isa = PBXFileReference; fileEncoding = 4; lastKnownFileType = sourcecode.c.h; path = "UIViewController+TRExtension.h"; sourceTree = "<group>"; };
		C297FAF21DAA1B4100F7CC61 /* UIViewController+TRExtension.m */ = {isa = PBXFileReference; fileEncoding = 4; lastKnownFileType = sourcecode.c.objc; path = "UIViewController+TRExtension.m"; sourceTree = "<group>"; };
		C29E7B571DAB7C2600327F92 /* TRHttpTool.h */ = {isa = PBXFileReference; fileEncoding = 4; lastKnownFileType = sourcecode.c.h; path = TRHttpTool.h; sourceTree = "<group>"; };
		C29E7B581DAB7C2600327F92 /* TRHttpTool.m */ = {isa = PBXFileReference; fileEncoding = 4; lastKnownFileType = sourcecode.c.objc; path = TRHttpTool.m; sourceTree = "<group>"; };
		C29E7B5B1DAB805700327F92 /* TRNoInternetConnectionView.h */ = {isa = PBXFileReference; fileEncoding = 4; lastKnownFileType = sourcecode.c.h; path = TRNoInternetConnectionView.h; sourceTree = "<group>"; };
		C29E7B5C1DAB805700327F92 /* TRNoInternetConnectionView.m */ = {isa = PBXFileReference; fileEncoding = 4; lastKnownFileType = sourcecode.c.objc; path = TRNoInternetConnectionView.m; sourceTree = "<group>"; };
		C29E7B5D1DAB805700327F92 /* TRNoInternetConnectionView.xib */ = {isa = PBXFileReference; fileEncoding = 4; lastKnownFileType = file.xib; path = TRNoInternetConnectionView.xib; sourceTree = "<group>"; };
		C2B10B051DAFDF01003332FB /* Me.storyboard */ = {isa = PBXFileReference; fileEncoding = 4; lastKnownFileType = file.storyboard; path = Me.storyboard; sourceTree = "<group>"; };
		C2B10B071DAFE0F1003332FB /* TRMeHeaderView.h */ = {isa = PBXFileReference; fileEncoding = 4; lastKnownFileType = sourcecode.c.h; path = TRMeHeaderView.h; sourceTree = "<group>"; };
		C2B10B081DAFE0F1003332FB /* TRMeHeaderView.m */ = {isa = PBXFileReference; fileEncoding = 4; lastKnownFileType = sourcecode.c.objc; path = TRMeHeaderView.m; sourceTree = "<group>"; };
		C2B10B0A1DAFE0FC003332FB /* TRMeHeaderView.xib */ = {isa = PBXFileReference; fileEncoding = 4; lastKnownFileType = file.xib; path = TRMeHeaderView.xib; sourceTree = "<group>"; };
		C2B5855C1DB4759D00C37479 /* TRPersonal.h */ = {isa = PBXFileReference; fileEncoding = 4; lastKnownFileType = sourcecode.c.h; path = TRPersonal.h; sourceTree = "<group>"; };
		C2B5855D1DB4759D00C37479 /* TRPersonal.m */ = {isa = PBXFileReference; fileEncoding = 4; lastKnownFileType = sourcecode.c.objc; path = TRPersonal.m; sourceTree = "<group>"; };
		C2C0B5AD1DB13ADB0099AF31 /* LoginAndRegist.storyboard */ = {isa = PBXFileReference; fileEncoding = 4; lastKnownFileType = file.storyboard; path = LoginAndRegist.storyboard; sourceTree = "<group>"; };
		C2C0B5AF1DB145AF0099AF31 /* TRLoginViewController.h */ = {isa = PBXFileReference; fileEncoding = 4; lastKnownFileType = sourcecode.c.h; path = TRLoginViewController.h; sourceTree = "<group>"; };
		C2C0B5B01DB145AF0099AF31 /* TRLoginViewController.m */ = {isa = PBXFileReference; fileEncoding = 4; lastKnownFileType = sourcecode.c.objc; path = TRLoginViewController.m; sourceTree = "<group>"; };
		C2C0B5B21DB14ACE0099AF31 /* TRRegistViewController.h */ = {isa = PBXFileReference; fileEncoding = 4; lastKnownFileType = sourcecode.c.h; path = TRRegistViewController.h; sourceTree = "<group>"; };
		C2C0B5B31DB14ACE0099AF31 /* TRRegistViewController.m */ = {isa = PBXFileReference; fileEncoding = 4; lastKnownFileType = sourcecode.c.objc; path = TRRegistViewController.m; sourceTree = "<group>"; };
		C2C0E9021DB5F47A002222B2 /* TRSettingsTableViewController.h */ = {isa = PBXFileReference; fileEncoding = 4; lastKnownFileType = sourcecode.c.h; path = TRSettingsTableViewController.h; sourceTree = "<group>"; };
		C2C0E9031DB5F47A002222B2 /* TRSettingsTableViewController.m */ = {isa = PBXFileReference; fileEncoding = 4; lastKnownFileType = sourcecode.c.objc; path = TRSettingsTableViewController.m; sourceTree = "<group>"; };
		C2C0E9081DB60DEA002222B2 /* TRMeInteractiveTableViewController.h */ = {isa = PBXFileReference; fileEncoding = 4; lastKnownFileType = sourcecode.c.h; path = TRMeInteractiveTableViewController.h; sourceTree = "<group>"; };
		C2C0E9091DB60DEA002222B2 /* TRMeInteractiveTableViewController.m */ = {isa = PBXFileReference; fileEncoding = 4; lastKnownFileType = sourcecode.c.objc; path = TRMeInteractiveTableViewController.m; sourceTree = "<group>"; };
		C2C409AE1DB4ACFC00AC1F12 /* TRGetPersonalParam.h */ = {isa = PBXFileReference; fileEncoding = 4; lastKnownFileType = sourcecode.c.h; path = TRGetPersonalParam.h; sourceTree = "<group>"; };
		C2C409AF1DB4ACFC00AC1F12 /* TRGetPersonalParam.m */ = {isa = PBXFileReference; fileEncoding = 4; lastKnownFileType = sourcecode.c.objc; path = TRGetPersonalParam.m; sourceTree = "<group>"; };
		C2C409B11DB4B3E900AC1F12 /* TRPersonalHomeViewController.h */ = {isa = PBXFileReference; fileEncoding = 4; lastKnownFileType = sourcecode.c.h; path = TRPersonalHomeViewController.h; sourceTree = "<group>"; };
		C2C409B21DB4B3E900AC1F12 /* TRPersonalHomeViewController.m */ = {isa = PBXFileReference; fileEncoding = 4; lastKnownFileType = sourcecode.c.objc; path = TRPersonalHomeViewController.m; sourceTree = "<group>"; };
/* End PBXFileReference section */

/* Begin PBXFrameworksBuildPhase section */
		C2915A691D8D378C00842952 /* Frameworks */ = {
			isa = PBXFrameworksBuildPhase;
			buildActionMask = 2147483647;
			files = (
				2B81AEA3CD0C5E3B37D3E1AC /* libPods-TRHouse.a in Frameworks */,
			);
			runOnlyForDeploymentPostprocessing = 0;
		};
		C2915A851D8D378D00842952 /* Frameworks */ = {
			isa = PBXFrameworksBuildPhase;
			buildActionMask = 2147483647;
			files = (
			);
			runOnlyForDeploymentPostprocessing = 0;
		};
		C2915A901D8D378D00842952 /* Frameworks */ = {
			isa = PBXFrameworksBuildPhase;
			buildActionMask = 2147483647;
			files = (
			);
			runOnlyForDeploymentPostprocessing = 0;
		};
/* End PBXFrameworksBuildPhase section */

/* Begin PBXGroup section */
		06D3D0DA69333E8E0A3909C1 /* Pods */ = {
			isa = PBXGroup;
			children = (
				B6F0BE0F3B86B414511B1FFC /* Pods-TRHouse.debug.xcconfig */,
				B1185A83EE4D695B6EA4C065 /* Pods-TRHouse.release.xcconfig */,
			);
			name = Pods;
			sourceTree = "<group>";
		};
		B227CAC71DB070A8005E13D4 /* Lib */ = {
			isa = PBXGroup;
			children = (
				C29163F11DB3CF0E00769BA1 /* Utilities.h */,
				C29163F21DB3CF0E00769BA1 /* Utilities.m */,
				B227CAC91DB070BD005E13D4 /* Toast.h */,
				B227CAC81DB070BD005E13D4 /* Toast.m */,
			);
			path = Lib;
			sourceTree = "<group>";
		};
		B23969D61DA9DC0000F2904A /* View */ = {
			isa = PBXGroup;
			children = (
				B2773BE11DACC1D600B0A899 /* Happy */,
				B23969D71DA9DC3000F2904A /* TRFound.storyboard */,
				B2F788F71DAF673C00D74716 /* TRPostTableViewCell.h */,
				B2F788F81DAF673C00D74716 /* TRPostTableViewCell.m */,
			);
			path = View;
			sourceTree = "<group>";
		};
		B23969D91DAA363100F2904A /* Dev */ = {
			isa = PBXGroup;
			children = (
				B214BF241DB60B72002CDF95 /* ViewController.h */,
				B214BF251DB60B72002CDF95 /* ViewController.m */,
				B23969DA1DAA378900F2904A /* TRCircleTableViewController.h */,
				B23969DB1DAA378900F2904A /* TRCircleTableViewController.m */,
				930BDCA31DAACD6300BAE473 /* TRTourViewController.h */,
				930BDCA41DAACD6300BAE473 /* TRTourViewController.m */,
			);
			name = Dev;
			sourceTree = "<group>";
		};
		B2773BD21DACC18300B0A899 /* Happy */ = {
			isa = PBXGroup;
			children = (
				B2773BD31DACC19F00B0A899 /* GFCommentViewController.h */,
				B2773BD41DACC19F00B0A899 /* GFCommentViewController.m */,
				B2773BD51DACC19F00B0A899 /* GFCommentViewController.xib */,
				B2773BD61DACC19F00B0A899 /* GFEssenceViewController.h */,
				B2773BD71DACC19F00B0A899 /* GFEssenceViewController.m */,
				B2773BD81DACC19F00B0A899 /* GFPieceViewController.h */,
				B2773BD91DACC19F00B0A899 /* GFPieceViewController.m */,
			);
			path = Happy;
			sourceTree = "<group>";
		};
		B2773BE11DACC1D600B0A899 /* Happy */ = {
			isa = PBXGroup;
			children = (
				B214BF271DB60B7B002CDF95 /* Main.storyboard */,
				B2773BE21DACC1E200B0A899 /* GFCommentCell.h */,
				B2773BE31DACC1E200B0A899 /* GFCommentCell.m */,
				B2773BE41DACC1E200B0A899 /* GFCommentCell.xib */,
				B2773BE51DACC1E200B0A899 /* GFCommentHeaderView.h */,
				B2773BE61DACC1E200B0A899 /* GFCommentHeaderView.m */,
				B2773BE71DACC1E200B0A899 /* GFPictureView.h */,
				B2773BE81DACC1E200B0A899 /* GFPictureView.m */,
				B2773BE91DACC1E200B0A899 /* GFPictureView.xib */,
				B2773BEA1DACC1E200B0A899 /* GFPieceCell.h */,
				B2773BEB1DACC1E200B0A899 /* GFPieceCell.m */,
				B2773BEC1DACC1E200B0A899 /* GFPieceCell.xib */,
				B2773BED1DACC1E200B0A899 /* GFProgressView.h */,
				B2773BEE1DACC1E200B0A899 /* GFProgressView.m */,
				B2773BEF1DACC1E200B0A899 /* GFRecommendTagsCell.h */,
				B2773BF01DACC1E200B0A899 /* GFRecommendTagsCell.m */,
				B2773BF11DACC1E200B0A899 /* GFRecommendTagsCell.xib */,
				B2773BF21DACC1E200B0A899 /* GFSeeBigPictureViewController.h */,
				B2773BF31DACC1E200B0A899 /* GFSeeBigPictureViewController.m */,
				B2773BF41DACC1E200B0A899 /* GFSeeBigPictureViewController.xib */,
				B2773BF51DACC1E200B0A899 /* GFVideoView.h */,
				B2773BF61DACC1E200B0A899 /* GFVideoView.m */,
				B2773BF71DACC1E200B0A899 /* GFVideoView.xib */,
				B2773BF81DACC1E200B0A899 /* GFVoiceView.h */,
				B2773BF91DACC1E200B0A899 /* GFVoiceView.m */,
				B2773BFA1DACC1E200B0A899 /* GFVoiceView.xib */,
			);
			path = Happy;
			sourceTree = "<group>";
		};
		B2773C0B1DACC20B00B0A899 /* Model */ = {
			isa = PBXGroup;
			children = (
				B2773C0C1DACC23300B0A899 /* GFPiece.h */,
				B2773C0D1DACC23300B0A899 /* GFPiece.m */,
				B2773C0E1DACC23300B0A899 /* GFPieceComment.h */,
				B2773C0F1DACC23300B0A899 /* GFPieceComment.m */,
				B2773C101DACC23300B0A899 /* GFRecommendTags.h */,
				B2773C111DACC23300B0A899 /* GFRecommendTags.m */,
				B2773C121DACC23300B0A899 /* GFUser.h */,
				B2773C131DACC23300B0A899 /* GFUser.m */,
				B2F788F41DAF26B600D74716 /* TRPost.h */,
				B2F788F51DAF26B600D74716 /* TRPost.m */,
			);
			path = Model;
			sourceTree = "<group>";
		};
		C2915A631D8D378C00842952 = {
			isa = PBXGroup;
			children = (
				C2915A6E1D8D378D00842952 /* TRHouse */,
				C2915A8B1D8D378D00842952 /* TRHouseTests */,
				C2915A961D8D378D00842952 /* TRHouseUITests */,
				C2915A6D1D8D378D00842952 /* Products */,
				06D3D0DA69333E8E0A3909C1 /* Pods */,
				E509FA414993010A967070B5 /* Frameworks */,
			);
			sourceTree = "<group>";
		};
		C2915A6D1D8D378D00842952 /* Products */ = {
			isa = PBXGroup;
			children = (
				C2915A6C1D8D378D00842952 /* TRHouse.app */,
				C2915A881D8D378D00842952 /* TRHouseTests.xctest */,
				C2915A931D8D378D00842952 /* TRHouseUITests.xctest */,
			);
			name = Products;
			sourceTree = "<group>";
		};
		C2915A6E1D8D378D00842952 /* TRHouse */ = {
			isa = PBXGroup;
			children = (
				C2915AA51D8D3E7D00842952 /* Classes */,
				C2915A7E1D8D378D00842952 /* Assets.xcassets */,
				C2915A6F1D8D378D00842952 /* Supporting Files */,
			);
			path = TRHouse;
			sourceTree = "<group>";
		};
		C2915A6F1D8D378D00842952 /* Supporting Files */ = {
			isa = PBXGroup;
			children = (
				C2915A831D8D378D00842952 /* Info.plist */,
			);
			name = "Supporting Files";
			sourceTree = "<group>";
		};
		C2915A8B1D8D378D00842952 /* TRHouseTests */ = {
			isa = PBXGroup;
			children = (
				C2915A8C1D8D378D00842952 /* TRHouseTests.m */,
				C2915A8E1D8D378D00842952 /* Info.plist */,
			);
			path = TRHouseTests;
			sourceTree = "<group>";
		};
		C2915A961D8D378D00842952 /* TRHouseUITests */ = {
			isa = PBXGroup;
			children = (
				C2915A971D8D378D00842952 /* TRHouseUITests.m */,
				C2915A991D8D378D00842952 /* Info.plist */,
			);
			path = TRHouseUITests;
			sourceTree = "<group>";
		};
		C2915AA51D8D3E7D00842952 /* Classes */ = {
			isa = PBXGroup;
			children = (
				C2C0B5A91DB131E70099AF31 /* LoginAndRegist */,
				B227CAC71DB070A8005E13D4 /* Lib */,
				C29E7B551DAB7BCB00327F92 /* Tool */,
				C2915AAA1D8D3E7D00842952 /* Home */,
				C2915AAE1D8D3E7D00842952 /* Interactive */,
				C2915AA61D8D3E7D00842952 /* Found */,
				C2915AB21D8D3E7D00842952 /* Me */,
				C2915AB61D8D3E7D00842952 /* Others */,
			);
			path = Classes;
			sourceTree = "<group>";
		};
		C2915AA61D8D3E7D00842952 /* Found */ = {
			isa = PBXGroup;
			children = (
				C2915AA71D8D3E7D00842952 /* Controller */,
				B2773C0B1DACC20B00B0A899 /* Model */,
				B23969D61DA9DC0000F2904A /* View */,
			);
			path = Found;
			sourceTree = "<group>";
		};
		C2915AA71D8D3E7D00842952 /* Controller */ = {
			isa = PBXGroup;
			children = (
				B2773BD21DACC18300B0A899 /* Happy */,
				B23969D91DAA363100F2904A /* Dev */,
				C2771D701D8F8BDE006972CD /* TRFoundTableViewController.h */,
				C2771D711D8F8BDE006972CD /* TRFoundTableViewController.m */,
			);
			path = Controller;
			sourceTree = "<group>";
		};
		C2915AAA1D8D3E7D00842952 /* Home */ = {
			isa = PBXGroup;
			children = (
				C2915AAB1D8D3E7D00842952 /* Controller */,
				C2915AAC1D8D3E7D00842952 /* Model */,
				C2915AAD1D8D3E7D00842952 /* View */,
			);
			path = Home;
			sourceTree = "<group>";
		};
		C2915AAB1D8D3E7D00842952 /* Controller */ = {
			isa = PBXGroup;
			children = (
				C2771D6A1D8F8B89006972CD /* TRHomeTableViewController.h */,
				C2771D6B1D8F8B89006972CD /* TRHomeTableViewController.m */,
			);
			path = Controller;
			sourceTree = "<group>";
		};
		C2915AAC1D8D3E7D00842952 /* Model */ = {
			isa = PBXGroup;
			children = (
			);
			path = Model;
			sourceTree = "<group>";
		};
		C2915AAD1D8D3E7D00842952 /* View */ = {
			isa = PBXGroup;
			children = (
			);
			path = View;
			sourceTree = "<group>";
		};
		C2915AAE1D8D3E7D00842952 /* Interactive */ = {
			isa = PBXGroup;
			children = (
				C2915AAF1D8D3E7D00842952 /* Controller */,
				C2915AB01D8D3E7D00842952 /* Model */,
				C2915AB11D8D3E7D00842952 /* View */,
			);
			path = Interactive;
			sourceTree = "<group>";
		};
		C2915AAF1D8D3E7D00842952 /* Controller */ = {
			isa = PBXGroup;
			children = (
				C2771D6D1D8F8BCF006972CD /* TRInteractiveTableViewController.h */,
				C2771D6E1D8F8BCF006972CD /* TRInteractiveTableViewController.m */,
			);
			path = Controller;
			sourceTree = "<group>";
		};
		C2915AB01D8D3E7D00842952 /* Model */ = {
			isa = PBXGroup;
			children = (
			);
			path = Model;
			sourceTree = "<group>";
		};
		C2915AB11D8D3E7D00842952 /* View */ = {
			isa = PBXGroup;
			children = (
			);
			path = View;
			sourceTree = "<group>";
		};
		C2915AB21D8D3E7D00842952 /* Me */ = {
			isa = PBXGroup;
			children = (
				C2915AB31D8D3E7D00842952 /* Controller */,
				C2B10B031DAFDEED003332FB /* Model */,
				C2B10B041DAFDEED003332FB /* View */,
			);
			path = Me;
			sourceTree = "<group>";
		};
		C2915AB31D8D3E7D00842952 /* Controller */ = {
			isa = PBXGroup;
			children = (
				C2771D731D8F8BEA006972CD /* TRMeTableViewController.h */,
				C2771D741D8F8BEA006972CD /* TRMeTableViewController.m */,
				C2C409B11DB4B3E900AC1F12 /* TRPersonalHomeViewController.h */,
				C2C409B21DB4B3E900AC1F12 /* TRPersonalHomeViewController.m */,
				C2C0E9021DB5F47A002222B2 /* TRSettingsTableViewController.h */,
				C2C0E9031DB5F47A002222B2 /* TRSettingsTableViewController.m */,
				C2C0E9081DB60DEA002222B2 /* TRMeInteractiveTableViewController.h */,
				C2C0E9091DB60DEA002222B2 /* TRMeInteractiveTableViewController.m */,
			);
			path = Controller;
			sourceTree = "<group>";
		};
		C2915AB61D8D3E7D00842952 /* Others */ = {
			isa = PBXGroup;
			children = (
				C29164031DB3E13B00769BA1 /* Model */,
				C29E7B5A1DAB803700327F92 /* View */,
				C297FAEE1DAA1B2A00F7CC61 /* Category */,
				C2915ABF1D8D404E00842952 /* Controller */,
				C2959F6F1DAB1D01009B75FB /* TRConst.h */,
				C2959F701DAB1D01009B75FB /* TRConst.m */,
				B2773C181DACC2A500B0A899 /* GFConst.h */,
				B2773C191DACC2A500B0A899 /* GFConst.m */,
				C2915AB71D8D3E7D00842952 /* AppDelegate.h */,
				C2915AB81D8D3E7D00842952 /* AppDelegate.m */,
				C2915AB91D8D3E7D00842952 /* main.m */,
				C2915ABA1D8D3E7D00842952 /* TRHouse.xcdatamodeld */,
				C22BD58D1D91106A00C53223 /* PrefixHeader.pch */,
			);
			path = Others;
			sourceTree = "<group>";
		};
		C2915ABF1D8D404E00842952 /* Controller */ = {
			isa = PBXGroup;
			children = (
				C2915AC01D8D407000842952 /* TRTabBarController.h */,
				C2915AC11D8D407000842952 /* TRTabBarController.m */,
				C27226111D8FBD3C00C998CA /* TRNavigationController.h */,
				C27226121D8FBD3C00C998CA /* TRNavigationController.m */,
			);
			path = Controller;
			sourceTree = "<group>";
		};
		C29163E61DB3CE4200769BA1 /* Regist */ = {
			isa = PBXGroup;
			children = (
				C29163EE1DB3CE7400769BA1 /* TRRegistTool.h */,
				C29163EF1DB3CE7400769BA1 /* TRRegistTool.m */,
				C29163E71DB3CE5900769BA1 /* Param */,
			);
			path = Regist;
			sourceTree = "<group>";
		};
		C29163E71DB3CE5900769BA1 /* Param */ = {
			isa = PBXGroup;
			children = (
				C29163E81DB3CE6700769BA1 /* TRGetVcCodeParam.h */,
				C29163E91DB3CE6700769BA1 /* TRGetVcCodeParam.m */,
				C29163EA1DB3CE6700769BA1 /* TRRegistParam.h */,
				C29163EB1DB3CE6700769BA1 /* TRRegistParam.m */,
			);
			path = Param;
			sourceTree = "<group>";
		};
		C29163F41DB3D7EC00769BA1 /* HUD */ = {
			isa = PBXGroup;
			children = (
				C29163F51DB3D7F900769BA1 /* TRProgressTool.h */,
				C29163F61DB3D7F900769BA1 /* TRProgressTool.m */,
			);
			path = HUD;
			sourceTree = "<group>";
		};
		C29163F81DB3E05000769BA1 /* Account */ = {
			isa = PBXGroup;
			children = (
				C29163FD1DB3E07300769BA1 /* TRAccountTool.h */,
				C29163FE1DB3E07300769BA1 /* TRAccountTool.m */,
				C29163F91DB3E05000769BA1 /* Param */,
			);
			path = Account;
			sourceTree = "<group>";
		};
		C29163F91DB3E05000769BA1 /* Param */ = {
			isa = PBXGroup;
			children = (
				C29163FA1DB3E05F00769BA1 /* TRAccountParam.h */,
				C29163FB1DB3E05F00769BA1 /* TRAccountParam.m */,
			);
			path = Param;
			sourceTree = "<group>";
		};
		C29164031DB3E13B00769BA1 /* Model */ = {
			isa = PBXGroup;
			children = (
				C29164041DB3E15100769BA1 /* TRUser.h */,
				C29164051DB3E15100769BA1 /* TRUser.m */,
			);
			path = Model;
			sourceTree = "<group>";
		};
		C297FAEE1DAA1B2A00F7CC61 /* Category */ = {
			isa = PBXGroup;
			children = (
				B2773C241DACC4C000B0A899 /* UIBarButtonItem+GFExtension.h */,
				B2773C251DACC4C000B0A899 /* UIBarButtonItem+GFExtension.m */,
				B2773C211DACC44000B0A899 /* UIImage+GFExtension.h */,
				B2773C221DACC44000B0A899 /* UIImage+GFExtension.m */,
				B2773C1E1DACC41200B0A899 /* UIImageView+GFExtension.h */,
				B2773C1F1DACC41200B0A899 /* UIImageView+GFExtension.m */,
				B2773C1B1DACC3B700B0A899 /* NSDate+GFExtension.h */,
				B2773C1C1DACC3B700B0A899 /* NSDate+GFExtension.m */,
				C297FAEF1DAA1B4100F7CC61 /* UIView+GFExtension.h */,
				C297FAF01DAA1B4100F7CC61 /* UIView+GFExtension.m */,
				C297FAF11DAA1B4100F7CC61 /* UIViewController+TRExtension.h */,
				C297FAF21DAA1B4100F7CC61 /* UIViewController+TRExtension.m */,
			);
			path = Category;
			sourceTree = "<group>";
		};
		C29E7B551DAB7BCB00327F92 /* Tool */ = {
			isa = PBXGroup;
			children = (
				C2C409AC1DB4ACC700AC1F12 /* GetPersonal */,
				C29163F81DB3E05000769BA1 /* Account */,
				C29163F41DB3D7EC00769BA1 /* HUD */,
				C29163E61DB3CE4200769BA1 /* Regist */,
				C29E7B561DAB7BCB00327F92 /* Http */,
			);
			path = Tool;
			sourceTree = "<group>";
		};
		C29E7B561DAB7BCB00327F92 /* Http */ = {
			isa = PBXGroup;
			children = (
				C29E7B571DAB7C2600327F92 /* TRHttpTool.h */,
				C29E7B581DAB7C2600327F92 /* TRHttpTool.m */,
			);
			path = Http;
			sourceTree = "<group>";
		};
		C29E7B5A1DAB803700327F92 /* View */ = {
			isa = PBXGroup;
			children = (
				C29E7B5B1DAB805700327F92 /* TRNoInternetConnectionView.h */,
				C29E7B5C1DAB805700327F92 /* TRNoInternetConnectionView.m */,
				C29E7B5D1DAB805700327F92 /* TRNoInternetConnectionView.xib */,
			);
			path = View;
			sourceTree = "<group>";
		};
		C2B10B031DAFDEED003332FB /* Model */ = {
			isa = PBXGroup;
			children = (
				C2B5855C1DB4759D00C37479 /* TRPersonal.h */,
				C2B5855D1DB4759D00C37479 /* TRPersonal.m */,
			);
			path = Model;
			sourceTree = "<group>";
		};
		C2B10B041DAFDEED003332FB /* View */ = {
			isa = PBXGroup;
			children = (
				C2B10B051DAFDF01003332FB /* Me.storyboard */,
				C2B10B071DAFE0F1003332FB /* TRMeHeaderView.h */,
				C2B10B081DAFE0F1003332FB /* TRMeHeaderView.m */,
				C2B10B0A1DAFE0FC003332FB /* TRMeHeaderView.xib */,
			);
			path = View;
			sourceTree = "<group>";
		};
		C2C0B5A91DB131E70099AF31 /* LoginAndRegist */ = {
			isa = PBXGroup;
			children = (
				C2C0B5AA1DB131E70099AF31 /* Controller */,
				C2C0B5AB1DB131E70099AF31 /* Model */,
				C2C0B5AC1DB131E70099AF31 /* View */,
			);
			path = LoginAndRegist;
			sourceTree = "<group>";
		};
		C2C0B5AA1DB131E70099AF31 /* Controller */ = {
			isa = PBXGroup;
			children = (
				C2C0B5AF1DB145AF0099AF31 /* TRLoginViewController.h */,
				C2C0B5B01DB145AF0099AF31 /* TRLoginViewController.m */,
				C2C0B5B21DB14ACE0099AF31 /* TRRegistViewController.h */,
				C2C0B5B31DB14ACE0099AF31 /* TRRegistViewController.m */,
			);
			path = Controller;
			sourceTree = "<group>";
		};
		C2C0B5AB1DB131E70099AF31 /* Model */ = {
			isa = PBXGroup;
			children = (
				C29164001DB3E0BC00769BA1 /* TRAccount.h */,
				C29164011DB3E0BC00769BA1 /* TRAccount.m */,
			);
			path = Model;
			sourceTree = "<group>";
		};
		C2C0B5AC1DB131E70099AF31 /* View */ = {
			isa = PBXGroup;
			children = (
				C2C0B5AD1DB13ADB0099AF31 /* LoginAndRegist.storyboard */,
			);
			path = View;
			sourceTree = "<group>";
		};
		C2C409AC1DB4ACC700AC1F12 /* GetPersonal */ = {
			isa = PBXGroup;
			children = (
				C2C409AD1DB4ACDF00AC1F12 /* Param */,
			);
			path = GetPersonal;
			sourceTree = "<group>";
		};
		C2C409AD1DB4ACDF00AC1F12 /* Param */ = {
			isa = PBXGroup;
			children = (
				C2C409AE1DB4ACFC00AC1F12 /* TRGetPersonalParam.h */,
				C2C409AF1DB4ACFC00AC1F12 /* TRGetPersonalParam.m */,
			);
			path = Param;
			sourceTree = "<group>";
		};
		E509FA414993010A967070B5 /* Frameworks */ = {
			isa = PBXGroup;
			children = (
				0B68D0083076E8AF8B14CEDA /* libPods-TRHouse.a */,
			);
			name = Frameworks;
			sourceTree = "<group>";
		};
/* End PBXGroup section */

/* Begin PBXNativeTarget section */
		C2915A6B1D8D378C00842952 /* TRHouse */ = {
			isa = PBXNativeTarget;
			buildConfigurationList = C2915A9C1D8D378D00842952 /* Build configuration list for PBXNativeTarget "TRHouse" */;
			buildPhases = (
				AD0AC86A11D7463AE0C5FBC1 /* [CP] Check Pods Manifest.lock */,
				C2915A681D8D378C00842952 /* Sources */,
				C2915A691D8D378C00842952 /* Frameworks */,
				C2915A6A1D8D378C00842952 /* Resources */,
				E83CB132782CCBFBDCCD4FBB /* [CP] Embed Pods Frameworks */,
				92AF5917ACBE917B72957F60 /* [CP] Copy Pods Resources */,
			);
			buildRules = (
			);
			dependencies = (
			);
			name = TRHouse;
			productName = TRHouse;
			productReference = C2915A6C1D8D378D00842952 /* TRHouse.app */;
			productType = "com.apple.product-type.application";
		};
		C2915A871D8D378D00842952 /* TRHouseTests */ = {
			isa = PBXNativeTarget;
			buildConfigurationList = C2915A9F1D8D378D00842952 /* Build configuration list for PBXNativeTarget "TRHouseTests" */;
			buildPhases = (
				C2915A841D8D378D00842952 /* Sources */,
				C2915A851D8D378D00842952 /* Frameworks */,
				C2915A861D8D378D00842952 /* Resources */,
			);
			buildRules = (
			);
			dependencies = (
				C2915A8A1D8D378D00842952 /* PBXTargetDependency */,
			);
			name = TRHouseTests;
			productName = TRHouseTests;
			productReference = C2915A881D8D378D00842952 /* TRHouseTests.xctest */;
			productType = "com.apple.product-type.bundle.unit-test";
		};
		C2915A921D8D378D00842952 /* TRHouseUITests */ = {
			isa = PBXNativeTarget;
			buildConfigurationList = C2915AA21D8D378D00842952 /* Build configuration list for PBXNativeTarget "TRHouseUITests" */;
			buildPhases = (
				C2915A8F1D8D378D00842952 /* Sources */,
				C2915A901D8D378D00842952 /* Frameworks */,
				C2915A911D8D378D00842952 /* Resources */,
			);
			buildRules = (
			);
			dependencies = (
				C2915A951D8D378D00842952 /* PBXTargetDependency */,
			);
			name = TRHouseUITests;
			productName = TRHouseUITests;
			productReference = C2915A931D8D378D00842952 /* TRHouseUITests.xctest */;
			productType = "com.apple.product-type.bundle.ui-testing";
		};
/* End PBXNativeTarget section */

/* Begin PBXProject section */
		C2915A641D8D378C00842952 /* Project object */ = {
			isa = PBXProject;
			attributes = {
				CLASSPREFIX = TR;
				LastUpgradeCheck = 0800;
				ORGANIZATIONNAME = wgf;
				TargetAttributes = {
					C2915A6B1D8D378C00842952 = {
						CreatedOnToolsVersion = 8.0;
						ProvisioningStyle = Automatic;
					};
					C2915A871D8D378D00842952 = {
						CreatedOnToolsVersion = 8.0;
						ProvisioningStyle = Automatic;
						TestTargetID = C2915A6B1D8D378C00842952;
					};
					C2915A921D8D378D00842952 = {
						CreatedOnToolsVersion = 8.0;
						ProvisioningStyle = Automatic;
						TestTargetID = C2915A6B1D8D378C00842952;
					};
				};
			};
			buildConfigurationList = C2915A671D8D378C00842952 /* Build configuration list for PBXProject "TRHouse" */;
			compatibilityVersion = "Xcode 3.2";
			developmentRegion = English;
			hasScannedForEncodings = 0;
			knownRegions = (
				en,
				Base,
			);
			mainGroup = C2915A631D8D378C00842952;
			productRefGroup = C2915A6D1D8D378D00842952 /* Products */;
			projectDirPath = "";
			projectRoot = "";
			targets = (
				C2915A6B1D8D378C00842952 /* TRHouse */,
				C2915A871D8D378D00842952 /* TRHouseTests */,
				C2915A921D8D378D00842952 /* TRHouseUITests */,
			);
		};
/* End PBXProject section */

/* Begin PBXResourcesBuildPhase section */
		C2915A6A1D8D378C00842952 /* Resources */ = {
			isa = PBXResourcesBuildPhase;
			buildActionMask = 2147483647;
			files = (
				B2773BFF1DACC1E200B0A899 /* GFPictureView.xib in Resources */,
				B2773C061DACC1E200B0A899 /* GFSeeBigPictureViewController.xib in Resources */,
				C2B10B061DAFDF01003332FB /* Me.storyboard in Resources */,
				C2915A7F1D8D378D00842952 /* Assets.xcassets in Resources */,
				B2773C0A1DACC1E200B0A899 /* GFVoiceView.xib in Resources */,
				B2773C081DACC1E200B0A899 /* GFVideoView.xib in Resources */,
				B214BF281DB60B7B002CDF95 /* Main.storyboard in Resources */,
				C2C0B5AE1DB13ADB0099AF31 /* LoginAndRegist.storyboard in Resources */,
				C29E7B5F1DAB805700327F92 /* TRNoInternetConnectionView.xib in Resources */,
				B2773C011DACC1E200B0A899 /* GFPieceCell.xib in Resources */,
				C2B10B0B1DAFE0FC003332FB /* TRMeHeaderView.xib in Resources */,
				B23969D81DA9DC3000F2904A /* TRFound.storyboard in Resources */,
				B2773BDD1DACC19F00B0A899 /* GFCommentViewController.xib in Resources */,
				B2773C041DACC1E200B0A899 /* GFRecommendTagsCell.xib in Resources */,
				B2773BFC1DACC1E200B0A899 /* GFCommentCell.xib in Resources */,
			);
			runOnlyForDeploymentPostprocessing = 0;
		};
		C2915A861D8D378D00842952 /* Resources */ = {
			isa = PBXResourcesBuildPhase;
			buildActionMask = 2147483647;
			files = (
			);
			runOnlyForDeploymentPostprocessing = 0;
		};
		C2915A911D8D378D00842952 /* Resources */ = {
			isa = PBXResourcesBuildPhase;
			buildActionMask = 2147483647;
			files = (
			);
			runOnlyForDeploymentPostprocessing = 0;
		};
/* End PBXResourcesBuildPhase section */

/* Begin PBXShellScriptBuildPhase section */
		92AF5917ACBE917B72957F60 /* [CP] Copy Pods Resources */ = {
			isa = PBXShellScriptBuildPhase;
			buildActionMask = 2147483647;
			files = (
			);
			inputPaths = (
			);
			name = "[CP] Copy Pods Resources";
			outputPaths = (
			);
			runOnlyForDeploymentPostprocessing = 0;
			shellPath = /bin/sh;
			shellScript = "\"${SRCROOT}/Pods/Target Support Files/Pods-TRHouse/Pods-TRHouse-resources.sh\"\n";
			showEnvVarsInLog = 0;
		};
		AD0AC86A11D7463AE0C5FBC1 /* [CP] Check Pods Manifest.lock */ = {
			isa = PBXShellScriptBuildPhase;
			buildActionMask = 2147483647;
			files = (
			);
			inputPaths = (
			);
			name = "[CP] Check Pods Manifest.lock";
			outputPaths = (
			);
			runOnlyForDeploymentPostprocessing = 0;
			shellPath = /bin/sh;
			shellScript = "diff \"${PODS_ROOT}/../Podfile.lock\" \"${PODS_ROOT}/Manifest.lock\" > /dev/null\nif [[ $? != 0 ]] ; then\n    cat << EOM\nerror: The sandbox is not in sync with the Podfile.lock. Run 'pod install' or update your CocoaPods installation.\nEOM\n    exit 1\nfi\n";
			showEnvVarsInLog = 0;
		};
		E83CB132782CCBFBDCCD4FBB /* [CP] Embed Pods Frameworks */ = {
			isa = PBXShellScriptBuildPhase;
			buildActionMask = 2147483647;
			files = (
			);
			inputPaths = (
			);
			name = "[CP] Embed Pods Frameworks";
			outputPaths = (
			);
			runOnlyForDeploymentPostprocessing = 0;
			shellPath = /bin/sh;
			shellScript = "\"${SRCROOT}/Pods/Target Support Files/Pods-TRHouse/Pods-TRHouse-frameworks.sh\"\n";
			showEnvVarsInLog = 0;
		};
/* End PBXShellScriptBuildPhase section */

/* Begin PBXSourcesBuildPhase section */
		C2915A681D8D378C00842952 /* Sources */ = {
			isa = PBXSourcesBuildPhase;
			buildActionMask = 2147483647;
			files = (
				C2771D6F1D8F8BCF006972CD /* TRInteractiveTableViewController.m in Sources */,
				B2773BDF1DACC19F00B0A899 /* GFPieceViewController.m in Sources */,
				B2773C231DACC44000B0A899 /* UIImage+GFExtension.m in Sources */,
				B2F788F61DAF26B600D74716 /* TRPost.m in Sources */,
				C29163ED1DB3CE6700769BA1 /* TRRegistParam.m in Sources */,
				B2773C161DACC23300B0A899 /* GFRecommendTags.m in Sources */,
				C2771D6C1D8F8B89006972CD /* TRHomeTableViewController.m in Sources */,
				B2773C141DACC23300B0A899 /* GFPiece.m in Sources */,
				B2773C201DACC41200B0A899 /* UIImageView+GFExtension.m in Sources */,
				C29163FF1DB3E07300769BA1 /* TRAccountTool.m in Sources */,
				B2773C021DACC1E200B0A899 /* GFProgressView.m in Sources */,
				B2773C001DACC1E200B0A899 /* GFPieceCell.m in Sources */,
				B2773C091DACC1E200B0A899 /* GFVoiceView.m in Sources */,
				C29164021DB3E0BC00769BA1 /* TRAccount.m in Sources */,
				B2773C031DACC1E200B0A899 /* GFRecommendTagsCell.m in Sources */,
				C27226131D8FBD3C00C998CA /* TRNavigationController.m in Sources */,
				C2C0E9041DB5F47A002222B2 /* TRSettingsTableViewController.m in Sources */,
				C29164061DB3E15100769BA1 /* TRUser.m in Sources */,
				B23969DC1DAA378900F2904A /* TRCircleTableViewController.m in Sources */,
				C2C0B5B11DB145AF0099AF31 /* TRLoginViewController.m in Sources */,
				B2773BFE1DACC1E200B0A899 /* GFPictureView.m in Sources */,
				B2773BFD1DACC1E200B0A899 /* GFCommentHeaderView.m in Sources */,
				930BDCA51DAACD6300BAE473 /* TRTourViewController.m in Sources */,
				C2C409B01DB4ACFC00AC1F12 /* TRGetPersonalParam.m in Sources */,
				C29163F01DB3CE7400769BA1 /* TRRegistTool.m in Sources */,
				C29163F71DB3D7F900769BA1 /* TRProgressTool.m in Sources */,
				C2915ABC1D8D3E7D00842952 /* AppDelegate.m in Sources */,
				B2773C1A1DACC2A500B0A899 /* GFConst.m in Sources */,
				B2773BDE1DACC19F00B0A899 /* GFEssenceViewController.m in Sources */,
				C2771D751D8F8BEA006972CD /* TRMeTableViewController.m in Sources */,
				B2773C071DACC1E200B0A899 /* GFVideoView.m in Sources */,
				B2F788F91DAF673C00D74716 /* TRPostTableViewCell.m in Sources */,
				B2773C171DACC23300B0A899 /* GFUser.m in Sources */,
				C2B5855E1DB4759D00C37479 /* TRPersonal.m in Sources */,
				C29163F31DB3CF0E00769BA1 /* Utilities.m in Sources */,
				C297FAF31DAA1B4100F7CC61 /* UIView+GFExtension.m in Sources */,
				B2773BFB1DACC1E200B0A899 /* GFCommentCell.m in Sources */,
				B2773C261DACC4C000B0A899 /* UIBarButtonItem+GFExtension.m in Sources */,
				B2773C151DACC23300B0A899 /* GFPieceComment.m in Sources */,
				B227CACA1DB070BD005E13D4 /* Toast.m in Sources */,
				C29E7B591DAB7C2600327F92 /* TRHttpTool.m in Sources */,
				B2773C051DACC1E200B0A899 /* GFSeeBigPictureViewController.m in Sources */,
				C2C409B31DB4B3E900AC1F12 /* TRPersonalHomeViewController.m in Sources */,
				B214BF261DB60B72002CDF95 /* ViewController.m in Sources */,
				C29163EC1DB3CE6700769BA1 /* TRGetVcCodeParam.m in Sources */,
				C297FAF41DAA1B4100F7CC61 /* UIViewController+TRExtension.m in Sources */,
				C2915AC21D8D407000842952 /* TRTabBarController.m in Sources */,
				C2915ABD1D8D3E7D00842952 /* main.m in Sources */,
				C2C0B5B41DB14ACE0099AF31 /* TRRegistViewController.m in Sources */,
				C2959F711DAB1D01009B75FB /* TRConst.m in Sources */,
				B2773BDC1DACC19F00B0A899 /* GFCommentViewController.m in Sources */,
				B2773C1D1DACC3B700B0A899 /* NSDate+GFExtension.m in Sources */,
				C2C0E90A1DB60DEA002222B2 /* TRMeInteractiveTableViewController.m in Sources */,
				C2915ABE1D8D3E7D00842952 /* TRHouse.xcdatamodeld in Sources */,
				C29E7B5E1DAB805700327F92 /* TRNoInternetConnectionView.m in Sources */,
				C2771D721D8F8BDE006972CD /* TRFoundTableViewController.m in Sources */,
				C29163FC1DB3E05F00769BA1 /* TRAccountParam.m in Sources */,
				C2B10B091DAFE0F1003332FB /* TRMeHeaderView.m in Sources */,
			);
			runOnlyForDeploymentPostprocessing = 0;
		};
		C2915A841D8D378D00842952 /* Sources */ = {
			isa = PBXSourcesBuildPhase;
			buildActionMask = 2147483647;
			files = (
				C2915A8D1D8D378D00842952 /* TRHouseTests.m in Sources */,
			);
			runOnlyForDeploymentPostprocessing = 0;
		};
		C2915A8F1D8D378D00842952 /* Sources */ = {
			isa = PBXSourcesBuildPhase;
			buildActionMask = 2147483647;
			files = (
				C2915A981D8D378D00842952 /* TRHouseUITests.m in Sources */,
			);
			runOnlyForDeploymentPostprocessing = 0;
		};
/* End PBXSourcesBuildPhase section */

/* Begin PBXTargetDependency section */
		C2915A8A1D8D378D00842952 /* PBXTargetDependency */ = {
			isa = PBXTargetDependency;
			target = C2915A6B1D8D378C00842952 /* TRHouse */;
			targetProxy = C2915A891D8D378D00842952 /* PBXContainerItemProxy */;
		};
		C2915A951D8D378D00842952 /* PBXTargetDependency */ = {
			isa = PBXTargetDependency;
			target = C2915A6B1D8D378C00842952 /* TRHouse */;
			targetProxy = C2915A941D8D378D00842952 /* PBXContainerItemProxy */;
		};
/* End PBXTargetDependency section */

/* Begin XCBuildConfiguration section */
		C2915A9A1D8D378D00842952 /* Debug */ = {
			isa = XCBuildConfiguration;
			buildSettings = {
				ALWAYS_SEARCH_USER_PATHS = NO;
				CLANG_ANALYZER_NONNULL = YES;
				CLANG_CXX_LANGUAGE_STANDARD = "gnu++0x";
				CLANG_CXX_LIBRARY = "libc++";
				CLANG_ENABLE_MODULES = YES;
				CLANG_ENABLE_OBJC_ARC = YES;
				CLANG_WARN_BOOL_CONVERSION = YES;
				CLANG_WARN_CONSTANT_CONVERSION = YES;
				CLANG_WARN_DIRECT_OBJC_ISA_USAGE = YES_ERROR;
				CLANG_WARN_DOCUMENTATION_COMMENTS = YES;
				CLANG_WARN_EMPTY_BODY = YES;
				CLANG_WARN_ENUM_CONVERSION = YES;
				CLANG_WARN_INFINITE_RECURSION = YES;
				CLANG_WARN_INT_CONVERSION = YES;
				CLANG_WARN_OBJC_ROOT_CLASS = YES_ERROR;
				CLANG_WARN_SUSPICIOUS_MOVES = YES;
				CLANG_WARN_UNREACHABLE_CODE = YES;
				CLANG_WARN__DUPLICATE_METHOD_MATCH = YES;
				"CODE_SIGN_IDENTITY[sdk=iphoneos*]" = "iPhone Developer";
				COPY_PHASE_STRIP = NO;
				DEBUG_INFORMATION_FORMAT = dwarf;
				ENABLE_STRICT_OBJC_MSGSEND = YES;
				ENABLE_TESTABILITY = YES;
				GCC_C_LANGUAGE_STANDARD = gnu99;
				GCC_DYNAMIC_NO_PIC = NO;
				GCC_NO_COMMON_BLOCKS = YES;
				GCC_OPTIMIZATION_LEVEL = 0;
				GCC_PREPROCESSOR_DEFINITIONS = (
					"DEBUG=1",
					"$(inherited)",
				);
				GCC_WARN_64_TO_32_BIT_CONVERSION = YES;
				GCC_WARN_ABOUT_RETURN_TYPE = YES_ERROR;
				GCC_WARN_UNDECLARED_SELECTOR = YES;
				GCC_WARN_UNINITIALIZED_AUTOS = YES_AGGRESSIVE;
				GCC_WARN_UNUSED_FUNCTION = YES;
				GCC_WARN_UNUSED_VARIABLE = YES;
				IPHONEOS_DEPLOYMENT_TARGET = 10.0;
				MTL_ENABLE_DEBUG_INFO = YES;
				ONLY_ACTIVE_ARCH = YES;
				SDKROOT = iphoneos;
			};
			name = Debug;
		};
		C2915A9B1D8D378D00842952 /* Release */ = {
			isa = XCBuildConfiguration;
			buildSettings = {
				ALWAYS_SEARCH_USER_PATHS = NO;
				CLANG_ANALYZER_NONNULL = YES;
				CLANG_CXX_LANGUAGE_STANDARD = "gnu++0x";
				CLANG_CXX_LIBRARY = "libc++";
				CLANG_ENABLE_MODULES = YES;
				CLANG_ENABLE_OBJC_ARC = YES;
				CLANG_WARN_BOOL_CONVERSION = YES;
				CLANG_WARN_CONSTANT_CONVERSION = YES;
				CLANG_WARN_DIRECT_OBJC_ISA_USAGE = YES_ERROR;
				CLANG_WARN_DOCUMENTATION_COMMENTS = YES;
				CLANG_WARN_EMPTY_BODY = YES;
				CLANG_WARN_ENUM_CONVERSION = YES;
				CLANG_WARN_INFINITE_RECURSION = YES;
				CLANG_WARN_INT_CONVERSION = YES;
				CLANG_WARN_OBJC_ROOT_CLASS = YES_ERROR;
				CLANG_WARN_SUSPICIOUS_MOVES = YES;
				CLANG_WARN_UNREACHABLE_CODE = YES;
				CLANG_WARN__DUPLICATE_METHOD_MATCH = YES;
				"CODE_SIGN_IDENTITY[sdk=iphoneos*]" = "iPhone Developer";
				COPY_PHASE_STRIP = NO;
				DEBUG_INFORMATION_FORMAT = "dwarf-with-dsym";
				ENABLE_NS_ASSERTIONS = NO;
				ENABLE_STRICT_OBJC_MSGSEND = YES;
				GCC_C_LANGUAGE_STANDARD = gnu99;
				GCC_NO_COMMON_BLOCKS = YES;
				GCC_WARN_64_TO_32_BIT_CONVERSION = YES;
				GCC_WARN_ABOUT_RETURN_TYPE = YES_ERROR;
				GCC_WARN_UNDECLARED_SELECTOR = YES;
				GCC_WARN_UNINITIALIZED_AUTOS = YES_AGGRESSIVE;
				GCC_WARN_UNUSED_FUNCTION = YES;
				GCC_WARN_UNUSED_VARIABLE = YES;
				IPHONEOS_DEPLOYMENT_TARGET = 10.0;
				MTL_ENABLE_DEBUG_INFO = NO;
				SDKROOT = iphoneos;
				VALIDATE_PRODUCT = YES;
			};
			name = Release;
		};
		C2915A9D1D8D378D00842952 /* Debug */ = {
			isa = XCBuildConfiguration;
			baseConfigurationReference = B6F0BE0F3B86B414511B1FFC /* Pods-TRHouse.debug.xcconfig */;
			buildSettings = {
				ASSETCATALOG_COMPILER_APPICON_NAME = AppIcon;
				ASSETCATALOG_COMPILER_LAUNCHIMAGE_NAME = LaunchImage;
				GCC_PRECOMPILE_PREFIX_HEADER = YES;
				GCC_PREFIX_HEADER = TRHouse/Classes/Others/PrefixHeader.pch;
				INFOPLIST_FILE = TRHouse/Info.plist;
				IPHONEOS_DEPLOYMENT_TARGET = 9.0;
				LD_RUNPATH_SEARCH_PATHS = "$(inherited) @executable_path/Frameworks";
				PRODUCT_BUNDLE_IDENTIFIER = com.wgfttios.TRHouse;
				PRODUCT_NAME = "$(TARGET_NAME)";
			};
			name = Debug;
		};
		C2915A9E1D8D378D00842952 /* Release */ = {
			isa = XCBuildConfiguration;
			baseConfigurationReference = B1185A83EE4D695B6EA4C065 /* Pods-TRHouse.release.xcconfig */;
			buildSettings = {
				ASSETCATALOG_COMPILER_APPICON_NAME = AppIcon;
				ASSETCATALOG_COMPILER_LAUNCHIMAGE_NAME = LaunchImage;
				GCC_PRECOMPILE_PREFIX_HEADER = YES;
				GCC_PREFIX_HEADER = TRHouse/Classes/Others/PrefixHeader.pch;
				INFOPLIST_FILE = TRHouse/Info.plist;
				IPHONEOS_DEPLOYMENT_TARGET = 9.0;
				LD_RUNPATH_SEARCH_PATHS = "$(inherited) @executable_path/Frameworks";
				PRODUCT_BUNDLE_IDENTIFIER = com.wgfttios.TRHouse;
				PRODUCT_NAME = "$(TARGET_NAME)";
			};
			name = Release;
		};
		C2915AA01D8D378D00842952 /* Debug */ = {
			isa = XCBuildConfiguration;
			buildSettings = {
				BUNDLE_LOADER = "$(TEST_HOST)";
				INFOPLIST_FILE = TRHouseTests/Info.plist;
				LD_RUNPATH_SEARCH_PATHS = "$(inherited) @executable_path/Frameworks @loader_path/Frameworks";
				PRODUCT_BUNDLE_IDENTIFIER = com.wgfttios.TRHouseTests;
				PRODUCT_NAME = "$(TARGET_NAME)";
				TEST_HOST = "$(BUILT_PRODUCTS_DIR)/TRHouse.app/TRHouse";
			};
			name = Debug;
		};
		C2915AA11D8D378D00842952 /* Release */ = {
			isa = XCBuildConfiguration;
			buildSettings = {
				BUNDLE_LOADER = "$(TEST_HOST)";
				INFOPLIST_FILE = TRHouseTests/Info.plist;
				LD_RUNPATH_SEARCH_PATHS = "$(inherited) @executable_path/Frameworks @loader_path/Frameworks";
				PRODUCT_BUNDLE_IDENTIFIER = com.wgfttios.TRHouseTests;
				PRODUCT_NAME = "$(TARGET_NAME)";
				TEST_HOST = "$(BUILT_PRODUCTS_DIR)/TRHouse.app/TRHouse";
			};
			name = Release;
		};
		C2915AA31D8D378D00842952 /* Debug */ = {
			isa = XCBuildConfiguration;
			buildSettings = {
				INFOPLIST_FILE = TRHouseUITests/Info.plist;
				LD_RUNPATH_SEARCH_PATHS = "$(inherited) @executable_path/Frameworks @loader_path/Frameworks";
				PRODUCT_BUNDLE_IDENTIFIER = com.wgfttios.TRHouseUITests;
				PRODUCT_NAME = "$(TARGET_NAME)";
				TEST_TARGET_NAME = TRHouse;
			};
			name = Debug;
		};
		C2915AA41D8D378D00842952 /* Release */ = {
			isa = XCBuildConfiguration;
			buildSettings = {
				INFOPLIST_FILE = TRHouseUITests/Info.plist;
				LD_RUNPATH_SEARCH_PATHS = "$(inherited) @executable_path/Frameworks @loader_path/Frameworks";
				PRODUCT_BUNDLE_IDENTIFIER = com.wgfttios.TRHouseUITests;
				PRODUCT_NAME = "$(TARGET_NAME)";
				TEST_TARGET_NAME = TRHouse;
			};
			name = Release;
		};
/* End XCBuildConfiguration section */

/* Begin XCConfigurationList section */
		C2915A671D8D378C00842952 /* Build configuration list for PBXProject "TRHouse" */ = {
			isa = XCConfigurationList;
			buildConfigurations = (
				C2915A9A1D8D378D00842952 /* Debug */,
				C2915A9B1D8D378D00842952 /* Release */,
			);
			defaultConfigurationIsVisible = 0;
			defaultConfigurationName = Release;
		};
		C2915A9C1D8D378D00842952 /* Build configuration list for PBXNativeTarget "TRHouse" */ = {
			isa = XCConfigurationList;
			buildConfigurations = (
				C2915A9D1D8D378D00842952 /* Debug */,
				C2915A9E1D8D378D00842952 /* Release */,
			);
			defaultConfigurationIsVisible = 0;
			defaultConfigurationName = Release;
		};
		C2915A9F1D8D378D00842952 /* Build configuration list for PBXNativeTarget "TRHouseTests" */ = {
			isa = XCConfigurationList;
			buildConfigurations = (
				C2915AA01D8D378D00842952 /* Debug */,
				C2915AA11D8D378D00842952 /* Release */,
			);
			defaultConfigurationIsVisible = 0;
			defaultConfigurationName = Release;
		};
		C2915AA21D8D378D00842952 /* Build configuration list for PBXNativeTarget "TRHouseUITests" */ = {
			isa = XCConfigurationList;
			buildConfigurations = (
				C2915AA31D8D378D00842952 /* Debug */,
				C2915AA41D8D378D00842952 /* Release */,
			);
			defaultConfigurationIsVisible = 0;
			defaultConfigurationName = Release;
		};
/* End XCConfigurationList section */

/* Begin XCVersionGroup section */
		C2915ABA1D8D3E7D00842952 /* TRHouse.xcdatamodeld */ = {
			isa = XCVersionGroup;
			children = (
				C2915ABB1D8D3E7D00842952 /* TRHouse.xcdatamodel */,
			);
			currentVersion = C2915ABB1D8D3E7D00842952 /* TRHouse.xcdatamodel */;
			path = TRHouse.xcdatamodeld;
			sourceTree = "<group>";
			versionGroupType = wrapper.xcdatamodel;
		};
/* End XCVersionGroup section */
	};
	rootObject = C2915A641D8D378C00842952 /* Project object */;
}
